
Microsoft Visual Studio Solution File, Format Version 12.00
# Visual Studio Version 17
VisualStudioVersion = 17.13.35931.197
MinimumVisualStudioVersion = 10.0.40219.1
Project("{FAE04EC0-301F-11D3-BF4B-00C04F79EFBC}") = "UbiSam.Net.KeyLock", "UbiSam.Net.KeyLock\UbiSam.Net.KeyLock\UbiSam.Net.KeyLock.csproj", "{9FBFCB0E-C977-4275-B95E-E24E4C46D697}"
EndProject
Project("{FAE04EC0-301F-11D3-BF4B-00C04F79EFBC}") = "UbiSam.Net.KeyLock.Maker", "UbiSam.Net.KeyLock\UbiSam.Net.KeyLock.Maker\UbiSam.Net.KeyLock.Maker.csproj", "{740BFC08-9959-4AF6-A427-1A16F624ECC0}"
EndProject
Project("{FAE04EC0-301F-11D3-BF4B-00C04F79EFBC}") = "UbiSam.Net.KeyLock.Checker", "UbiSam.Net.KeyLock\UbiSam.Net.KeyLock.Checker\UbiSam.Net.KeyLock.Checker.csproj", "{4E8BFD55-25B2-414E-9E27-A95E589EB6D6}"
EndProject
Project("{FAE04EC0-301F-11D3-BF4B-00C04F79EFBC}") = "UbiCom.Net", "UbiCom.Net\UbiCom.Net.csproj", "{40619344-E9C4-452E-8144-8DB34EF85967}"
EndProject
Project("{2150E333-8FDC-42A3-9474-1A3956D46DE8}") = "KeyLock", "KeyLock", "{4E8CC62F-6D2E-411F-9235-69C33889921A}"
EndProject
Project("{FAE04EC0-301F-11D3-BF4B-00C04F79EFBC}") = "UbiGEM.Net", "UbiGEM.Net\UbiGEM.Net.csproj", "{36B668C3-B9E8-4E66-9FE8-E0EF29CFECBC}"
	ProjectSection(ProjectDependencies) = postProject
		{40619344-E9C4-452E-8144-8DB34EF85967} = {40619344-E9C4-452E-8144-8DB34EF85967}
	EndProjectSection
EndProject
Project("{FAE04EC0-301F-11D3-BF4B-00C04F79EFBC}") = "UbiSam.GEM.Sample.CSharp", "UbiSam.GEM.Sample.CSharp\UbiSam.GEM.Sample.CSharp.csproj", "{96331E43-783A-480C-AF1B-90408AE5ED83}"
	ProjectSection(ProjectDependencies) = postProject
		{36B668C3-B9E8-4E66-9FE8-E0EF29CFECBC} = {36B668C3-B9E8-4E66-9FE8-E0EF29CFECBC}
	EndProjectSection
EndProject
Project("{FAE04EC0-301F-11D3-BF4B-00C04F79EFBC}") = "UbiGEM.Net.Simulator.Host", "UbiGEM.Net.Simulator.Host\UbiGEM.Net.Simulator.Host.csproj", "{9CC713D1-CB42-45B6-83FA-0BCC373AA82C}"
	ProjectSection(ProjectDependencies) = postProject
		{40619344-E9C4-452E-8144-8DB34EF85967} = {40619344-E9C4-452E-8144-8DB34EF85967}
		{36B668C3-B9E8-4E66-9FE8-E0EF29CFECBC} = {36B668C3-B9E8-4E66-9FE8-E0EF29CFECBC}
		{ED1E60DF-7B77-4411-8216-EF99B1DDA997} = {ED1E60DF-7B77-4411-8216-EF99B1DDA997}
	EndProjectSection
EndProject
Project("{FAE04EC0-301F-11D3-BF4B-00C04F79EFBC}") = "UbiCom.Net.Automata.SECS2", "UbiCom.Net.Automata.SECS2\UbiCom.Net.Automata.SECS2.csproj", "{ED1E60DF-7B77-4411-8216-EF99B1DDA997}"
	ProjectSection(ProjectDependencies) = postProject
		{40619344-E9C4-452E-8144-8DB34EF85967} = {40619344-E9C4-452E-8144-8DB34EF85967}
	EndProjectSection
EndProject
Project("{8BC9CEB8-8B4A-11D0-8D11-00A0C91BC942}") = "Ubisam.GEM.Sample.CPP", "Ubisam.GEM.Sample.CPP\Ubisam.GEM.Sample.CPP\Ubisam.GEM.Sample.CPP.vcxproj", "{901BB37F-030D-4954-9895-4DE52673B95F}"
EndProject
Project("{54435603-DBB4-11D2-8724-00A0C9A8B90C}") = "UbiCOM", "Setup\UbiCOM\UbiCOM\UbiCOM.vdproj", "{A52C0BB2-3615-3401-FBE4-D4D5CAC50F9F}"
EndProject
Global
	GlobalSection(SolutionConfigurationPlatforms) = preSolution
		Debug_M_Win32|Any CPU = Debug_M_Win32|Any CPU
		Debug_M_Win32|x64 = Debug_M_Win32|x64
		Debug_M_Win32|x86 = Debug_M_Win32|x86
		Debug_M_x64|Any CPU = Debug_M_x64|Any CPU
		Debug_M_x64|x64 = Debug_M_x64|x64
		Debug_M_x64|x86 = Debug_M_x64|x86
		Debug_U_Win32|Any CPU = Debug_U_Win32|Any CPU
		Debug_U_Win32|x64 = Debug_U_Win32|x64
		Debug_U_Win32|x86 = Debug_U_Win32|x86
		Debug_U_x64|Any CPU = Debug_U_x64|Any CPU
		Debug_U_x64|x64 = Debug_U_x64|x64
		Debug_U_x64|x86 = Debug_U_x64|x86
		Debug|Any CPU = Debug|Any CPU
		Debug|x64 = Debug|x64
		Debug|x86 = Debug|x86
		DM|Any CPU = DM|Any CPU
		DM|x64 = DM|x64
		DM|x86 = DM|x86
		DU|Any CPU = DU|Any CPU
		DU|x64 = DU|x64
		DU|x86 = DU|x86
		Release_M_Win32|Any CPU = Release_M_Win32|Any CPU
		Release_M_Win32|x64 = Release_M_Win32|x64
		Release_M_Win32|x86 = Release_M_Win32|x86
		Release_M_x64|Any CPU = Release_M_x64|Any CPU
		Release_M_x64|x64 = Release_M_x64|x64
		Release_M_x64|x86 = Release_M_x64|x86
		Release_U_Win32|Any CPU = Release_U_Win32|Any CPU
		Release_U_Win32|x64 = Release_U_Win32|x64
		Release_U_Win32|x86 = Release_U_Win32|x86
		Release_U_x64|Any CPU = Release_U_x64|Any CPU
		Release_U_x64|x64 = Release_U_x64|x64
		Release_U_x64|x86 = Release_U_x64|x86
		Release|Any CPU = Release|Any CPU
		Release|x64 = Release|x64
		Release|x86 = Release|x86
		RM|Any CPU = RM|Any CPU
		RM|x64 = RM|x64
		RM|x86 = RM|x86
		RU|Any CPU = RU|Any CPU
		RU|x64 = RU|x64
		RU|x86 = RU|x86
	EndGlobalSection
	GlobalSection(ProjectConfigurationPlatforms) = postSolution
		{9FBFCB0E-C977-4275-B95E-E24E4C46D697}.Debug_M_Win32|Any CPU.ActiveCfg = Debug|Any CPU
		{9FBFCB0E-C977-4275-B95E-E24E4C46D697}.Debug_M_Win32|Any CPU.Build.0 = Debug|Any CPU
		{9FBFCB0E-C977-4275-B95E-E24E4C46D697}.Debug_M_Win32|x64.ActiveCfg = Debug|Any CPU
		{9FBFCB0E-C977-4275-B95E-E24E4C46D697}.Debug_M_Win32|x64.Build.0 = Debug|Any CPU
		{9FBFCB0E-C977-4275-B95E-E24E4C46D697}.Debug_M_Win32|x86.ActiveCfg = Debug|x86
		{9FBFCB0E-C977-4275-B95E-E24E4C46D697}.Debug_M_Win32|x86.Build.0 = Debug|x86
		{9FBFCB0E-C977-4275-B95E-E24E4C46D697}.Debug_M_x64|Any CPU.ActiveCfg = Debug|Any CPU
		{9FBFCB0E-C977-4275-B95E-E24E4C46D697}.Debug_M_x64|Any CPU.Build.0 = Debug|Any CPU
		{9FBFCB0E-C977-4275-B95E-E24E4C46D697}.Debug_M_x64|x64.ActiveCfg = Debug|Any CPU
		{9FBFCB0E-C977-4275-B95E-E24E4C46D697}.Debug_M_x64|x64.Build.0 = Debug|Any CPU
		{9FBFCB0E-C977-4275-B95E-E24E4C46D697}.Debug_M_x64|x86.ActiveCfg = Debug|x86
		{9FBFCB0E-C977-4275-B95E-E24E4C46D697}.Debug_M_x64|x86.Build.0 = Debug|x86
		{9FBFCB0E-C977-4275-B95E-E24E4C46D697}.Debug_U_Win32|Any CPU.ActiveCfg = Debug|Any CPU
		{9FBFCB0E-C977-4275-B95E-E24E4C46D697}.Debug_U_Win32|Any CPU.Build.0 = Debug|Any CPU
		{9FBFCB0E-C977-4275-B95E-E24E4C46D697}.Debug_U_Win32|x64.ActiveCfg = Debug|Any CPU
		{9FBFCB0E-C977-4275-B95E-E24E4C46D697}.Debug_U_Win32|x64.Build.0 = Debug|Any CPU
		{9FBFCB0E-C977-4275-B95E-E24E4C46D697}.Debug_U_Win32|x86.ActiveCfg = Debug|x86
		{9FBFCB0E-C977-4275-B95E-E24E4C46D697}.Debug_U_Win32|x86.Build.0 = Debug|x86
		{9FBFCB0E-C977-4275-B95E-E24E4C46D697}.Debug_U_x64|Any CPU.ActiveCfg = Debug|Any CPU
		{9FBFCB0E-C977-4275-B95E-E24E4C46D697}.Debug_U_x64|Any CPU.Build.0 = Debug|Any CPU
		{9FBFCB0E-C977-4275-B95E-E24E4C46D697}.Debug_U_x64|x64.ActiveCfg = Debug|Any CPU
		{9FBFCB0E-C977-4275-B95E-E24E4C46D697}.Debug_U_x64|x64.Build.0 = Debug|Any CPU
		{9FBFCB0E-C977-4275-B95E-E24E4C46D697}.Debug_U_x64|x86.ActiveCfg = Debug|x86
		{9FBFCB0E-C977-4275-B95E-E24E4C46D697}.Debug_U_x64|x86.Build.0 = Debug|x86
		{9FBFCB0E-C977-4275-B95E-E24E4C46D697}.Debug|Any CPU.ActiveCfg = Debug|Any CPU
		{9FBFCB0E-C977-4275-B95E-E24E4C46D697}.Debug|x64.ActiveCfg = Debug|Any CPU
		{9FBFCB0E-C977-4275-B95E-E24E4C46D697}.Debug|x64.Build.0 = Debug|Any CPU
		{9FBFCB0E-C977-4275-B95E-E24E4C46D697}.Debug|x86.ActiveCfg = Debug|x86
		{9FBFCB0E-C977-4275-B95E-E24E4C46D697}.Debug|x86.Build.0 = Debug|x86
		{9FBFCB0E-C977-4275-B95E-E24E4C46D697}.DM|Any CPU.ActiveCfg = Debug|Any CPU
		{9FBFCB0E-C977-4275-B95E-E24E4C46D697}.DM|Any CPU.Build.0 = Debug|Any CPU
		{9FBFCB0E-C977-4275-B95E-E24E4C46D697}.DM|x64.ActiveCfg = Debug|Any CPU
		{9FBFCB0E-C977-4275-B95E-E24E4C46D697}.DM|x64.Build.0 = Debug|Any CPU
		{9FBFCB0E-C977-4275-B95E-E24E4C46D697}.DM|x86.ActiveCfg = Debug|x86
		{9FBFCB0E-C977-4275-B95E-E24E4C46D697}.DM|x86.Build.0 = Debug|x86
		{9FBFCB0E-C977-4275-B95E-E24E4C46D697}.DU|Any CPU.ActiveCfg = Debug|Any CPU
		{9FBFCB0E-C977-4275-B95E-E24E4C46D697}.DU|Any CPU.Build.0 = Debug|Any CPU
		{9FBFCB0E-C977-4275-B95E-E24E4C46D697}.DU|x64.ActiveCfg = Debug|Any CPU
		{9FBFCB0E-C977-4275-B95E-E24E4C46D697}.DU|x64.Build.0 = Debug|Any CPU
		{9FBFCB0E-C977-4275-B95E-E24E4C46D697}.DU|x86.ActiveCfg = Debug|x86
		{9FBFCB0E-C977-4275-B95E-E24E4C46D697}.DU|x86.Build.0 = Debug|x86
		{9FBFCB0E-C977-4275-B95E-E24E4C46D697}.Release_M_Win32|Any CPU.ActiveCfg = Release|Any CPU
		{9FBFCB0E-C977-4275-B95E-E24E4C46D697}.Release_M_Win32|Any CPU.Build.0 = Release|Any CPU
		{9FBFCB0E-C977-4275-B95E-E24E4C46D697}.Release_M_Win32|x64.ActiveCfg = Release|Any CPU
		{9FBFCB0E-C977-4275-B95E-E24E4C46D697}.Release_M_Win32|x64.Build.0 = Release|Any CPU
		{9FBFCB0E-C977-4275-B95E-E24E4C46D697}.Release_M_Win32|x86.ActiveCfg = Release|x86
		{9FBFCB0E-C977-4275-B95E-E24E4C46D697}.Release_M_Win32|x86.Build.0 = Release|x86
		{9FBFCB0E-C977-4275-B95E-E24E4C46D697}.Release_M_x64|Any CPU.ActiveCfg = Release|Any CPU
		{9FBFCB0E-C977-4275-B95E-E24E4C46D697}.Release_M_x64|Any CPU.Build.0 = Release|Any CPU
		{9FBFCB0E-C977-4275-B95E-E24E4C46D697}.Release_M_x64|x64.ActiveCfg = Release|Any CPU
		{9FBFCB0E-C977-4275-B95E-E24E4C46D697}.Release_M_x64|x64.Build.0 = Release|Any CPU
		{9FBFCB0E-C977-4275-B95E-E24E4C46D697}.Release_M_x64|x86.ActiveCfg = Release|x86
		{9FBFCB0E-C977-4275-B95E-E24E4C46D697}.Release_M_x64|x86.Build.0 = Release|x86
		{9FBFCB0E-C977-4275-B95E-E24E4C46D697}.Release_U_Win32|Any CPU.ActiveCfg = Release|Any CPU
		{9FBFCB0E-C977-4275-B95E-E24E4C46D697}.Release_U_Win32|Any CPU.Build.0 = Release|Any CPU
		{9FBFCB0E-C977-4275-B95E-E24E4C46D697}.Release_U_Win32|x64.ActiveCfg = Release|Any CPU
		{9FBFCB0E-C977-4275-B95E-E24E4C46D697}.Release_U_Win32|x64.Build.0 = Release|Any CPU
		{9FBFCB0E-C977-4275-B95E-E24E4C46D697}.Release_U_Win32|x86.ActiveCfg = Release|x86
		{9FBFCB0E-C977-4275-B95E-E24E4C46D697}.Release_U_Win32|x86.Build.0 = Release|x86
		{9FBFCB0E-C977-4275-B95E-E24E4C46D697}.Release_U_x64|Any CPU.ActiveCfg = Release|Any CPU
		{9FBFCB0E-C977-4275-B95E-E24E4C46D697}.Release_U_x64|Any CPU.Build.0 = Release|Any CPU
		{9FBFCB0E-C977-4275-B95E-E24E4C46D697}.Release_U_x64|x64.ActiveCfg = Release|Any CPU
		{9FBFCB0E-C977-4275-B95E-E24E4C46D697}.Release_U_x64|x64.Build.0 = Release|Any CPU
		{9FBFCB0E-C977-4275-B95E-E24E4C46D697}.Release_U_x64|x86.ActiveCfg = Release|x86
		{9FBFCB0E-C977-4275-B95E-E24E4C46D697}.Release_U_x64|x86.Build.0 = Release|x86
		{9FBFCB0E-C977-4275-B95E-E24E4C46D697}.Release|Any CPU.ActiveCfg = Release|Any CPU
		{9FBFCB0E-C977-4275-B95E-E24E4C46D697}.Release|x64.ActiveCfg = Release|Any CPU
		{9FBFCB0E-C977-4275-B95E-E24E4C46D697}.Release|x64.Build.0 = Release|Any CPU
		{9FBFCB0E-C977-4275-B95E-E24E4C46D697}.Release|x86.ActiveCfg = Release|x86
		{9FBFCB0E-C977-4275-B95E-E24E4C46D697}.Release|x86.Build.0 = Release|x86
		{9FBFCB0E-C977-4275-B95E-E24E4C46D697}.RM|Any CPU.ActiveCfg = Release|Any CPU
		{9FBFCB0E-C977-4275-B95E-E24E4C46D697}.RM|Any CPU.Build.0 = Release|Any CPU
		{9FBFCB0E-C977-4275-B95E-E24E4C46D697}.RM|x64.ActiveCfg = Release|Any CPU
		{9FBFCB0E-C977-4275-B95E-E24E4C46D697}.RM|x64.Build.0 = Release|Any CPU
		{9FBFCB0E-C977-4275-B95E-E24E4C46D697}.RM|x86.ActiveCfg = Release|x86
		{9FBFCB0E-C977-4275-B95E-E24E4C46D697}.RM|x86.Build.0 = Release|x86
		{9FBFCB0E-C977-4275-B95E-E24E4C46D697}.RU|Any CPU.ActiveCfg = Release|Any CPU
		{9FBFCB0E-C977-4275-B95E-E24E4C46D697}.RU|Any CPU.Build.0 = Release|Any CPU
		{9FBFCB0E-C977-4275-B95E-E24E4C46D697}.RU|x64.ActiveCfg = Release|Any CPU
		{9FBFCB0E-C977-4275-B95E-E24E4C46D697}.RU|x64.Build.0 = Release|Any CPU
		{9FBFCB0E-C977-4275-B95E-E24E4C46D697}.RU|x86.ActiveCfg = Release|x86
		{9FBFCB0E-C977-4275-B95E-E24E4C46D697}.RU|x86.Build.0 = Release|x86
		{740BFC08-9959-4AF6-A427-1A16F624ECC0}.Debug_M_Win32|Any CPU.ActiveCfg = Debug|Any CPU
		{740BFC08-9959-4AF6-A427-1A16F624ECC0}.Debug_M_Win32|Any CPU.Build.0 = Debug|Any CPU
		{740BFC08-9959-4AF6-A427-1A16F624ECC0}.Debug_M_Win32|x64.ActiveCfg = Debug|Any CPU
		{740BFC08-9959-4AF6-A427-1A16F624ECC0}.Debug_M_Win32|x64.Build.0 = Debug|Any CPU
		{740BFC08-9959-4AF6-A427-1A16F624ECC0}.Debug_M_Win32|x86.ActiveCfg = Debug|Any CPU
		{740BFC08-9959-4AF6-A427-1A16F624ECC0}.Debug_M_Win32|x86.Build.0 = Debug|Any CPU
		{740BFC08-9959-4AF6-A427-1A16F624ECC0}.Debug_M_x64|Any CPU.ActiveCfg = Debug|Any CPU
		{740BFC08-9959-4AF6-A427-1A16F624ECC0}.Debug_M_x64|Any CPU.Build.0 = Debug|Any CPU
		{740BFC08-9959-4AF6-A427-1A16F624ECC0}.Debug_M_x64|x64.ActiveCfg = Debug|Any CPU
		{740BFC08-9959-4AF6-A427-1A16F624ECC0}.Debug_M_x64|x64.Build.0 = Debug|Any CPU
		{740BFC08-9959-4AF6-A427-1A16F624ECC0}.Debug_M_x64|x86.ActiveCfg = Debug|Any CPU
		{740BFC08-9959-4AF6-A427-1A16F624ECC0}.Debug_M_x64|x86.Build.0 = Debug|Any CPU
		{740BFC08-9959-4AF6-A427-1A16F624ECC0}.Debug_U_Win32|Any CPU.ActiveCfg = Debug|Any CPU
		{740BFC08-9959-4AF6-A427-1A16F624ECC0}.Debug_U_Win32|Any CPU.Build.0 = Debug|Any CPU
		{740BFC08-9959-4AF6-A427-1A16F624ECC0}.Debug_U_Win32|x64.ActiveCfg = Debug|Any CPU
		{740BFC08-9959-4AF6-A427-1A16F624ECC0}.Debug_U_Win32|x64.Build.0 = Debug|Any CPU
		{740BFC08-9959-4AF6-A427-1A16F624ECC0}.Debug_U_Win32|x86.ActiveCfg = Debug|Any CPU
		{740BFC08-9959-4AF6-A427-1A16F624ECC0}.Debug_U_Win32|x86.Build.0 = Debug|Any CPU
		{740BFC08-9959-4AF6-A427-1A16F624ECC0}.Debug_U_x64|Any CPU.ActiveCfg = Debug|Any CPU
		{740BFC08-9959-4AF6-A427-1A16F624ECC0}.Debug_U_x64|Any CPU.Build.0 = Debug|Any CPU
		{740BFC08-9959-4AF6-A427-1A16F624ECC0}.Debug_U_x64|x64.ActiveCfg = Debug|Any CPU
		{740BFC08-9959-4AF6-A427-1A16F624ECC0}.Debug_U_x64|x64.Build.0 = Debug|Any CPU
		{740BFC08-9959-4AF6-A427-1A16F624ECC0}.Debug_U_x64|x86.ActiveCfg = Debug|Any CPU
		{740BFC08-9959-4AF6-A427-1A16F624ECC0}.Debug_U_x64|x86.Build.0 = Debug|Any CPU
		{740BFC08-9959-4AF6-A427-1A16F624ECC0}.Debug|Any CPU.ActiveCfg = Debug|Any CPU
		{740BFC08-9959-4AF6-A427-1A16F624ECC0}.Debug|x64.ActiveCfg = Debug|Any CPU
		{740BFC08-9959-4AF6-A427-1A16F624ECC0}.Debug|x64.Build.0 = Debug|Any CPU
		{740BFC08-9959-4AF6-A427-1A16F624ECC0}.Debug|x86.ActiveCfg = Debug|Any CPU
		{740BFC08-9959-4AF6-A427-1A16F624ECC0}.Debug|x86.Build.0 = Debug|Any CPU
		{740BFC08-9959-4AF6-A427-1A16F624ECC0}.DM|Any CPU.ActiveCfg = Debug|Any CPU
		{740BFC08-9959-4AF6-A427-1A16F624ECC0}.DM|Any CPU.Build.0 = Debug|Any CPU
		{740BFC08-9959-4AF6-A427-1A16F624ECC0}.DM|x64.ActiveCfg = Debug|Any CPU
		{740BFC08-9959-4AF6-A427-1A16F624ECC0}.DM|x64.Build.0 = Debug|Any CPU
		{740BFC08-9959-4AF6-A427-1A16F624ECC0}.DM|x86.ActiveCfg = Debug|Any CPU
		{740BFC08-9959-4AF6-A427-1A16F624ECC0}.DM|x86.Build.0 = Debug|Any CPU
		{740BFC08-9959-4AF6-A427-1A16F624ECC0}.DU|Any CPU.ActiveCfg = Debug|Any CPU
		{740BFC08-9959-4AF6-A427-1A16F624ECC0}.DU|Any CPU.Build.0 = Debug|Any CPU
		{740BFC08-9959-4AF6-A427-1A16F624ECC0}.DU|x64.ActiveCfg = Debug|Any CPU
		{740BFC08-9959-4AF6-A427-1A16F624ECC0}.DU|x64.Build.0 = Debug|Any CPU
		{740BFC08-9959-4AF6-A427-1A16F624ECC0}.DU|x86.ActiveCfg = Debug|Any CPU
		{740BFC08-9959-4AF6-A427-1A16F624ECC0}.DU|x86.Build.0 = Debug|Any CPU
		{740BFC08-9959-4AF6-A427-1A16F624ECC0}.Release_M_Win32|Any CPU.ActiveCfg = Release|Any CPU
		{740BFC08-9959-4AF6-A427-1A16F624ECC0}.Release_M_Win32|Any CPU.Build.0 = Release|Any CPU
		{740BFC08-9959-4AF6-A427-1A16F624ECC0}.Release_M_Win32|x64.ActiveCfg = Release|Any CPU
		{740BFC08-9959-4AF6-A427-1A16F624ECC0}.Release_M_Win32|x64.Build.0 = Release|Any CPU
		{740BFC08-9959-4AF6-A427-1A16F624ECC0}.Release_M_Win32|x86.ActiveCfg = Release|Any CPU
		{740BFC08-9959-4AF6-A427-1A16F624ECC0}.Release_M_Win32|x86.Build.0 = Release|Any CPU
		{740BFC08-9959-4AF6-A427-1A16F624ECC0}.Release_M_x64|Any CPU.ActiveCfg = Release|Any CPU
		{740BFC08-9959-4AF6-A427-1A16F624ECC0}.Release_M_x64|Any CPU.Build.0 = Release|Any CPU
		{740BFC08-9959-4AF6-A427-1A16F624ECC0}.Release_M_x64|x64.ActiveCfg = Release|Any CPU
		{740BFC08-9959-4AF6-A427-1A16F624ECC0}.Release_M_x64|x64.Build.0 = Release|Any CPU
		{740BFC08-9959-4AF6-A427-1A16F624ECC0}.Release_M_x64|x86.ActiveCfg = Release|Any CPU
		{740BFC08-9959-4AF6-A427-1A16F624ECC0}.Release_M_x64|x86.Build.0 = Release|Any CPU
		{740BFC08-9959-4AF6-A427-1A16F624ECC0}.Release_U_Win32|Any CPU.ActiveCfg = Release|Any CPU
		{740BFC08-9959-4AF6-A427-1A16F624ECC0}.Release_U_Win32|Any CPU.Build.0 = Release|Any CPU
		{740BFC08-9959-4AF6-A427-1A16F624ECC0}.Release_U_Win32|x64.ActiveCfg = Release|Any CPU
		{740BFC08-9959-4AF6-A427-1A16F624ECC0}.Release_U_Win32|x64.Build.0 = Release|Any CPU
		{740BFC08-9959-4AF6-A427-1A16F624ECC0}.Release_U_Win32|x86.ActiveCfg = Release|Any CPU
		{740BFC08-9959-4AF6-A427-1A16F624ECC0}.Release_U_Win32|x86.Build.0 = Release|Any CPU
		{740BFC08-9959-4AF6-A427-1A16F624ECC0}.Release_U_x64|Any CPU.ActiveCfg = Release|Any CPU
		{740BFC08-9959-4AF6-A427-1A16F624ECC0}.Release_U_x64|Any CPU.Build.0 = Release|Any CPU
		{740BFC08-9959-4AF6-A427-1A16F624ECC0}.Release_U_x64|x64.ActiveCfg = Release|Any CPU
		{740BFC08-9959-4AF6-A427-1A16F624ECC0}.Release_U_x64|x64.Build.0 = Release|Any CPU
		{740BFC08-9959-4AF6-A427-1A16F624ECC0}.Release_U_x64|x86.ActiveCfg = Release|Any CPU
		{740BFC08-9959-4AF6-A427-1A16F624ECC0}.Release_U_x64|x86.Build.0 = Release|Any CPU
		{740BFC08-9959-4AF6-A427-1A16F624ECC0}.Release|Any CPU.ActiveCfg = Release|Any CPU
		{740BFC08-9959-4AF6-A427-1A16F624ECC0}.Release|x64.ActiveCfg = Release|Any CPU
		{740BFC08-9959-4AF6-A427-1A16F624ECC0}.Release|x64.Build.0 = Release|Any CPU
		{740BFC08-9959-4AF6-A427-1A16F624ECC0}.Release|x86.ActiveCfg = Release|Any CPU
		{740BFC08-9959-4AF6-A427-1A16F624ECC0}.Release|x86.Build.0 = Release|Any CPU
		{740BFC08-9959-4AF6-A427-1A16F624ECC0}.RM|Any CPU.ActiveCfg = Release|Any CPU
		{740BFC08-9959-4AF6-A427-1A16F624ECC0}.RM|Any CPU.Build.0 = Release|Any CPU
		{740BFC08-9959-4AF6-A427-1A16F624ECC0}.RM|x64.ActiveCfg = Release|Any CPU
		{740BFC08-9959-4AF6-A427-1A16F624ECC0}.RM|x64.Build.0 = Release|Any CPU
		{740BFC08-9959-4AF6-A427-1A16F624ECC0}.RM|x86.ActiveCfg = Release|Any CPU
		{740BFC08-9959-4AF6-A427-1A16F624ECC0}.RM|x86.Build.0 = Release|Any CPU
		{740BFC08-9959-4AF6-A427-1A16F624ECC0}.RU|Any CPU.ActiveCfg = Release|Any CPU
		{740BFC08-9959-4AF6-A427-1A16F624ECC0}.RU|Any CPU.Build.0 = Release|Any CPU
		{740BFC08-9959-4AF6-A427-1A16F624ECC0}.RU|x64.ActiveCfg = Release|Any CPU
		{740BFC08-9959-4AF6-A427-1A16F624ECC0}.RU|x64.Build.0 = Release|Any CPU
		{740BFC08-9959-4AF6-A427-1A16F624ECC0}.RU|x86.ActiveCfg = Release|Any CPU
		{740BFC08-9959-4AF6-A427-1A16F624ECC0}.RU|x86.Build.0 = Release|Any CPU
		{4E8BFD55-25B2-414E-9E27-A95E589EB6D6}.Debug_M_Win32|Any CPU.ActiveCfg = Release|x86
		{4E8BFD55-25B2-414E-9E27-A95E589EB6D6}.Debug_M_Win32|Any CPU.Build.0 = Release|x86
		{4E8BFD55-25B2-414E-9E27-A95E589EB6D6}.Debug_M_Win32|x64.ActiveCfg = Release|x86
		{4E8BFD55-25B2-414E-9E27-A95E589EB6D6}.Debug_M_Win32|x64.Build.0 = Release|x86
		{4E8BFD55-25B2-414E-9E27-A95E589EB6D6}.Debug_M_Win32|x86.ActiveCfg = Debug|x86
		{4E8BFD55-25B2-414E-9E27-A95E589EB6D6}.Debug_M_Win32|x86.Build.0 = Debug|x86
		{4E8BFD55-25B2-414E-9E27-A95E589EB6D6}.Debug_M_x64|Any CPU.ActiveCfg = Release|x86
		{4E8BFD55-25B2-414E-9E27-A95E589EB6D6}.Debug_M_x64|Any CPU.Build.0 = Release|x86
		{4E8BFD55-25B2-414E-9E27-A95E589EB6D6}.Debug_M_x64|x64.ActiveCfg = Release|x86
		{4E8BFD55-25B2-414E-9E27-A95E589EB6D6}.Debug_M_x64|x64.Build.0 = Release|x86
		{4E8BFD55-25B2-414E-9E27-A95E589EB6D6}.Debug_M_x64|x86.ActiveCfg = Debug|x86
		{4E8BFD55-25B2-414E-9E27-A95E589EB6D6}.Debug_M_x64|x86.Build.0 = Debug|x86
		{4E8BFD55-25B2-414E-9E27-A95E589EB6D6}.Debug_U_Win32|Any CPU.ActiveCfg = Release|x86
		{4E8BFD55-25B2-414E-9E27-A95E589EB6D6}.Debug_U_Win32|Any CPU.Build.0 = Release|x86
		{4E8BFD55-25B2-414E-9E27-A95E589EB6D6}.Debug_U_Win32|x64.ActiveCfg = Release|x86
		{4E8BFD55-25B2-414E-9E27-A95E589EB6D6}.Debug_U_Win32|x64.Build.0 = Release|x86
		{4E8BFD55-25B2-414E-9E27-A95E589EB6D6}.Debug_U_Win32|x86.ActiveCfg = Debug|x86
		{4E8BFD55-25B2-414E-9E27-A95E589EB6D6}.Debug_U_Win32|x86.Build.0 = Debug|x86
		{4E8BFD55-25B2-414E-9E27-A95E589EB6D6}.Debug_U_x64|Any CPU.ActiveCfg = Release|x86
		{4E8BFD55-25B2-414E-9E27-A95E589EB6D6}.Debug_U_x64|Any CPU.Build.0 = Release|x86
		{4E8BFD55-25B2-414E-9E27-A95E589EB6D6}.Debug_U_x64|x64.ActiveCfg = Release|x86
		{4E8BFD55-25B2-414E-9E27-A95E589EB6D6}.Debug_U_x64|x64.Build.0 = Release|x86
		{4E8BFD55-25B2-414E-9E27-A95E589EB6D6}.Debug_U_x64|x86.ActiveCfg = Debug|x86
		{4E8BFD55-25B2-414E-9E27-A95E589EB6D6}.Debug_U_x64|x86.Build.0 = Debug|x86
		{4E8BFD55-25B2-414E-9E27-A95E589EB6D6}.Debug|Any CPU.ActiveCfg = Debug|x86
		{4E8BFD55-25B2-414E-9E27-A95E589EB6D6}.Debug|x64.ActiveCfg = Debug|x86
		{4E8BFD55-25B2-414E-9E27-A95E589EB6D6}.Debug|x86.ActiveCfg = Debug|x86
		{4E8BFD55-25B2-414E-9E27-A95E589EB6D6}.Debug|x86.Build.0 = Debug|x86
		{4E8BFD55-25B2-414E-9E27-A95E589EB6D6}.DM|Any CPU.ActiveCfg = Debug|x86
		{4E8BFD55-25B2-414E-9E27-A95E589EB6D6}.DM|Any CPU.Build.0 = Debug|x86
		{4E8BFD55-25B2-414E-9E27-A95E589EB6D6}.DM|x64.ActiveCfg = Debug|x86
		{4E8BFD55-25B2-414E-9E27-A95E589EB6D6}.DM|x64.Build.0 = Debug|x86
		{4E8BFD55-25B2-414E-9E27-A95E589EB6D6}.DM|x86.ActiveCfg = Debug|x86
		{4E8BFD55-25B2-414E-9E27-A95E589EB6D6}.DM|x86.Build.0 = Debug|x86
		{4E8BFD55-25B2-414E-9E27-A95E589EB6D6}.DU|Any CPU.ActiveCfg = Debug|x86
		{4E8BFD55-25B2-414E-9E27-A95E589EB6D6}.DU|Any CPU.Build.0 = Debug|x86
		{4E8BFD55-25B2-414E-9E27-A95E589EB6D6}.DU|x64.ActiveCfg = Debug|x86
		{4E8BFD55-25B2-414E-9E27-A95E589EB6D6}.DU|x64.Build.0 = Debug|x86
		{4E8BFD55-25B2-414E-9E27-A95E589EB6D6}.DU|x86.ActiveCfg = Debug|x86
		{4E8BFD55-25B2-414E-9E27-A95E589EB6D6}.DU|x86.Build.0 = Debug|x86
		{4E8BFD55-25B2-414E-9E27-A95E589EB6D6}.Release_M_Win32|Any CPU.ActiveCfg = Release|x86
		{4E8BFD55-25B2-414E-9E27-A95E589EB6D6}.Release_M_Win32|Any CPU.Build.0 = Release|x86
		{4E8BFD55-25B2-414E-9E27-A95E589EB6D6}.Release_M_Win32|x64.ActiveCfg = Release|x86
		{4E8BFD55-25B2-414E-9E27-A95E589EB6D6}.Release_M_Win32|x64.Build.0 = Release|x86
		{4E8BFD55-25B2-414E-9E27-A95E589EB6D6}.Release_M_Win32|x86.ActiveCfg = Release|x86
		{4E8BFD55-25B2-414E-9E27-A95E589EB6D6}.Release_M_Win32|x86.Build.0 = Release|x86
		{4E8BFD55-25B2-414E-9E27-A95E589EB6D6}.Release_M_x64|Any CPU.ActiveCfg = Release|x86
		{4E8BFD55-25B2-414E-9E27-A95E589EB6D6}.Release_M_x64|Any CPU.Build.0 = Release|x86
		{4E8BFD55-25B2-414E-9E27-A95E589EB6D6}.Release_M_x64|x64.ActiveCfg = Release|x86
		{4E8BFD55-25B2-414E-9E27-A95E589EB6D6}.Release_M_x64|x64.Build.0 = Release|x86
		{4E8BFD55-25B2-414E-9E27-A95E589EB6D6}.Release_M_x64|x86.ActiveCfg = Release|x86
		{4E8BFD55-25B2-414E-9E27-A95E589EB6D6}.Release_M_x64|x86.Build.0 = Release|x86
		{4E8BFD55-25B2-414E-9E27-A95E589EB6D6}.Release_U_Win32|Any CPU.ActiveCfg = Release|x86
		{4E8BFD55-25B2-414E-9E27-A95E589EB6D6}.Release_U_Win32|Any CPU.Build.0 = Release|x86
		{4E8BFD55-25B2-414E-9E27-A95E589EB6D6}.Release_U_Win32|x64.ActiveCfg = Release|x86
		{4E8BFD55-25B2-414E-9E27-A95E589EB6D6}.Release_U_Win32|x64.Build.0 = Release|x86
		{4E8BFD55-25B2-414E-9E27-A95E589EB6D6}.Release_U_Win32|x86.ActiveCfg = Release|x86
		{4E8BFD55-25B2-414E-9E27-A95E589EB6D6}.Release_U_Win32|x86.Build.0 = Release|x86
		{4E8BFD55-25B2-414E-9E27-A95E589EB6D6}.Release_U_x64|Any CPU.ActiveCfg = Release|x86
		{4E8BFD55-25B2-414E-9E27-A95E589EB6D6}.Release_U_x64|Any CPU.Build.0 = Release|x86
		{4E8BFD55-25B2-414E-9E27-A95E589EB6D6}.Release_U_x64|x64.ActiveCfg = Release|x86
		{4E8BFD55-25B2-414E-9E27-A95E589EB6D6}.Release_U_x64|x64.Build.0 = Release|x86
		{4E8BFD55-25B2-414E-9E27-A95E589EB6D6}.Release_U_x64|x86.ActiveCfg = Release|x86
		{4E8BFD55-25B2-414E-9E27-A95E589EB6D6}.Release_U_x64|x86.Build.0 = Release|x86
		{4E8BFD55-25B2-414E-9E27-A95E589EB6D6}.Release|Any CPU.ActiveCfg = Release|x86
		{4E8BFD55-25B2-414E-9E27-A95E589EB6D6}.Release|x64.ActiveCfg = Release|x86
		{4E8BFD55-25B2-414E-9E27-A95E589EB6D6}.Release|x86.ActiveCfg = Release|x86
		{4E8BFD55-25B2-414E-9E27-A95E589EB6D6}.Release|x86.Build.0 = Release|x86
		{4E8BFD55-25B2-414E-9E27-A95E589EB6D6}.RM|Any CPU.ActiveCfg = Debug|x86
		{4E8BFD55-25B2-414E-9E27-A95E589EB6D6}.RM|Any CPU.Build.0 = Debug|x86
		{4E8BFD55-25B2-414E-9E27-A95E589EB6D6}.RM|x64.ActiveCfg = Debug|x86
		{4E8BFD55-25B2-414E-9E27-A95E589EB6D6}.RM|x64.Build.0 = Debug|x86
		{4E8BFD55-25B2-414E-9E27-A95E589EB6D6}.RM|x86.ActiveCfg = Release|x86
		{4E8BFD55-25B2-414E-9E27-A95E589EB6D6}.RM|x86.Build.0 = Release|x86
		{4E8BFD55-25B2-414E-9E27-A95E589EB6D6}.RU|Any CPU.ActiveCfg = Debug|x86
		{4E8BFD55-25B2-414E-9E27-A95E589EB6D6}.RU|Any CPU.Build.0 = Debug|x86
		{4E8BFD55-25B2-414E-9E27-A95E589EB6D6}.RU|x64.ActiveCfg = Debug|x86
		{4E8BFD55-25B2-414E-9E27-A95E589EB6D6}.RU|x64.Build.0 = Debug|x86
		{4E8BFD55-25B2-414E-9E27-A95E589EB6D6}.RU|x86.ActiveCfg = Release|x86
		{4E8BFD55-25B2-414E-9E27-A95E589EB6D6}.RU|x86.Build.0 = Release|x86
		{40619344-E9C4-452E-8144-8DB34EF85967}.Debug_M_Win32|Any CPU.ActiveCfg = Debug|Any CPU
		{40619344-E9C4-452E-8144-8DB34EF85967}.Debug_M_Win32|Any CPU.Build.0 = Debug|Any CPU
		{40619344-E9C4-452E-8144-8DB34EF85967}.Debug_M_Win32|x64.ActiveCfg = Debug|Any CPU
		{40619344-E9C4-452E-8144-8DB34EF85967}.Debug_M_Win32|x64.Build.0 = Debug|Any CPU
		{40619344-E9C4-452E-8144-8DB34EF85967}.Debug_M_Win32|x86.ActiveCfg = Debug|Any CPU
		{40619344-E9C4-452E-8144-8DB34EF85967}.Debug_M_Win32|x86.Build.0 = Debug|Any CPU
		{40619344-E9C4-452E-8144-8DB34EF85967}.Debug_M_x64|Any CPU.ActiveCfg = Debug|Any CPU
		{40619344-E9C4-452E-8144-8DB34EF85967}.Debug_M_x64|Any CPU.Build.0 = Debug|Any CPU
		{40619344-E9C4-452E-8144-8DB34EF85967}.Debug_M_x64|x64.ActiveCfg = Debug|Any CPU
		{40619344-E9C4-452E-8144-8DB34EF85967}.Debug_M_x64|x64.Build.0 = Debug|Any CPU
		{40619344-E9C4-452E-8144-8DB34EF85967}.Debug_M_x64|x86.ActiveCfg = Debug|Any CPU
		{40619344-E9C4-452E-8144-8DB34EF85967}.Debug_M_x64|x86.Build.0 = Debug|Any CPU
		{40619344-E9C4-452E-8144-8DB34EF85967}.Debug_U_Win32|Any CPU.ActiveCfg = Debug|Any CPU
		{40619344-E9C4-452E-8144-8DB34EF85967}.Debug_U_Win32|Any CPU.Build.0 = Debug|Any CPU
		{40619344-E9C4-452E-8144-8DB34EF85967}.Debug_U_Win32|x64.ActiveCfg = Debug|Any CPU
		{40619344-E9C4-452E-8144-8DB34EF85967}.Debug_U_Win32|x64.Build.0 = Debug|Any CPU
		{40619344-E9C4-452E-8144-8DB34EF85967}.Debug_U_Win32|x86.ActiveCfg = Debug|Any CPU
		{40619344-E9C4-452E-8144-8DB34EF85967}.Debug_U_Win32|x86.Build.0 = Debug|Any CPU
		{40619344-E9C4-452E-8144-8DB34EF85967}.Debug_U_x64|Any CPU.ActiveCfg = Debug|Any CPU
		{40619344-E9C4-452E-8144-8DB34EF85967}.Debug_U_x64|Any CPU.Build.0 = Debug|Any CPU
		{40619344-E9C4-452E-8144-8DB34EF85967}.Debug_U_x64|x64.ActiveCfg = Debug|Any CPU
		{40619344-E9C4-452E-8144-8DB34EF85967}.Debug_U_x64|x64.Build.0 = Debug|Any CPU
		{40619344-E9C4-452E-8144-8DB34EF85967}.Debug_U_x64|x86.ActiveCfg = Debug|Any CPU
		{40619344-E9C4-452E-8144-8DB34EF85967}.Debug_U_x64|x86.Build.0 = Debug|Any CPU
		{40619344-E9C4-452E-8144-8DB34EF85967}.Debug|Any CPU.ActiveCfg = Debug|Any CPU
		{40619344-E9C4-452E-8144-8DB34EF85967}.Debug|Any CPU.Build.0 = Debug|Any CPU
		{40619344-E9C4-452E-8144-8DB34EF85967}.Debug|x64.ActiveCfg = Debug|Any CPU
		{40619344-E9C4-452E-8144-8DB34EF85967}.Debug|x64.Build.0 = Debug|Any CPU
		{40619344-E9C4-452E-8144-8DB34EF85967}.Debug|x86.ActiveCfg = Debug|Any CPU
		{40619344-E9C4-452E-8144-8DB34EF85967}.Debug|x86.Build.0 = Debug|Any CPU
		{40619344-E9C4-452E-8144-8DB34EF85967}.DM|Any CPU.ActiveCfg = Debug|Any CPU
		{40619344-E9C4-452E-8144-8DB34EF85967}.DM|Any CPU.Build.0 = Debug|Any CPU
		{40619344-E9C4-452E-8144-8DB34EF85967}.DM|x64.ActiveCfg = Debug|Any CPU
		{40619344-E9C4-452E-8144-8DB34EF85967}.DM|x64.Build.0 = Debug|Any CPU
		{40619344-E9C4-452E-8144-8DB34EF85967}.DM|x86.ActiveCfg = Debug|Any CPU
		{40619344-E9C4-452E-8144-8DB34EF85967}.DM|x86.Build.0 = Debug|Any CPU
		{40619344-E9C4-452E-8144-8DB34EF85967}.DU|Any CPU.ActiveCfg = Debug|Any CPU
		{40619344-E9C4-452E-8144-8DB34EF85967}.DU|Any CPU.Build.0 = Debug|Any CPU
		{40619344-E9C4-452E-8144-8DB34EF85967}.DU|x64.ActiveCfg = Debug|Any CPU
		{40619344-E9C4-452E-8144-8DB34EF85967}.DU|x64.Build.0 = Debug|Any CPU
		{40619344-E9C4-452E-8144-8DB34EF85967}.DU|x86.ActiveCfg = Debug|Any CPU
		{40619344-E9C4-452E-8144-8DB34EF85967}.DU|x86.Build.0 = Debug|Any CPU
		{40619344-E9C4-452E-8144-8DB34EF85967}.Release_M_Win32|Any CPU.ActiveCfg = Release|Any CPU
		{40619344-E9C4-452E-8144-8DB34EF85967}.Release_M_Win32|Any CPU.Build.0 = Release|Any CPU
		{40619344-E9C4-452E-8144-8DB34EF85967}.Release_M_Win32|x64.ActiveCfg = Release|Any CPU
		{40619344-E9C4-452E-8144-8DB34EF85967}.Release_M_Win32|x64.Build.0 = Release|Any CPU
		{40619344-E9C4-452E-8144-8DB34EF85967}.Release_M_Win32|x86.ActiveCfg = Release|Any CPU
		{40619344-E9C4-452E-8144-8DB34EF85967}.Release_M_Win32|x86.Build.0 = Release|Any CPU
		{40619344-E9C4-452E-8144-8DB34EF85967}.Release_M_x64|Any CPU.ActiveCfg = Release|Any CPU
		{40619344-E9C4-452E-8144-8DB34EF85967}.Release_M_x64|Any CPU.Build.0 = Release|Any CPU
		{40619344-E9C4-452E-8144-8DB34EF85967}.Release_M_x64|x64.ActiveCfg = Release|Any CPU
		{40619344-E9C4-452E-8144-8DB34EF85967}.Release_M_x64|x64.Build.0 = Release|Any CPU
		{40619344-E9C4-452E-8144-8DB34EF85967}.Release_M_x64|x86.ActiveCfg = Release|Any CPU
		{40619344-E9C4-452E-8144-8DB34EF85967}.Release_M_x64|x86.Build.0 = Release|Any CPU
		{40619344-E9C4-452E-8144-8DB34EF85967}.Release_U_Win32|Any CPU.ActiveCfg = Release|Any CPU
		{40619344-E9C4-452E-8144-8DB34EF85967}.Release_U_Win32|Any CPU.Build.0 = Release|Any CPU
		{40619344-E9C4-452E-8144-8DB34EF85967}.Release_U_Win32|x64.ActiveCfg = Release|Any CPU
		{40619344-E9C4-452E-8144-8DB34EF85967}.Release_U_Win32|x64.Build.0 = Release|Any CPU
		{40619344-E9C4-452E-8144-8DB34EF85967}.Release_U_Win32|x86.ActiveCfg = Release|Any CPU
		{40619344-E9C4-452E-8144-8DB34EF85967}.Release_U_Win32|x86.Build.0 = Release|Any CPU
		{40619344-E9C4-452E-8144-8DB34EF85967}.Release_U_x64|Any CPU.ActiveCfg = Release|Any CPU
		{40619344-E9C4-452E-8144-8DB34EF85967}.Release_U_x64|Any CPU.Build.0 = Release|Any CPU
		{40619344-E9C4-452E-8144-8DB34EF85967}.Release_U_x64|x64.ActiveCfg = Release|Any CPU
		{40619344-E9C4-452E-8144-8DB34EF85967}.Release_U_x64|x64.Build.0 = Release|Any CPU
		{40619344-E9C4-452E-8144-8DB34EF85967}.Release_U_x64|x86.ActiveCfg = Release|Any CPU
		{40619344-E9C4-452E-8144-8DB34EF85967}.Release_U_x64|x86.Build.0 = Release|Any CPU
		{40619344-E9C4-452E-8144-8DB34EF85967}.Release|Any CPU.ActiveCfg = Release|Any CPU
		{40619344-E9C4-452E-8144-8DB34EF85967}.Release|Any CPU.Build.0 = Release|Any CPU
		{40619344-E9C4-452E-8144-8DB34EF85967}.Release|x64.ActiveCfg = Release|Any CPU
		{40619344-E9C4-452E-8144-8DB34EF85967}.Release|x64.Build.0 = Release|Any CPU
		{40619344-E9C4-452E-8144-8DB34EF85967}.Release|x86.ActiveCfg = Release|Any CPU
		{40619344-E9C4-452E-8144-8DB34EF85967}.Release|x86.Build.0 = Release|Any CPU
		{40619344-E9C4-452E-8144-8DB34EF85967}.RM|Any CPU.ActiveCfg = Release|Any CPU
		{40619344-E9C4-452E-8144-8DB34EF85967}.RM|Any CPU.Build.0 = Release|Any CPU
		{40619344-E9C4-452E-8144-8DB34EF85967}.RM|x64.ActiveCfg = Release|Any CPU
		{40619344-E9C4-452E-8144-8DB34EF85967}.RM|x64.Build.0 = Release|Any CPU
		{40619344-E9C4-452E-8144-8DB34EF85967}.RM|x86.ActiveCfg = Release|Any CPU
		{40619344-E9C4-452E-8144-8DB34EF85967}.RM|x86.Build.0 = Release|Any CPU
		{40619344-E9C4-452E-8144-8DB34EF85967}.RU|Any CPU.ActiveCfg = Release|Any CPU
		{40619344-E9C4-452E-8144-8DB34EF85967}.RU|Any CPU.Build.0 = Release|Any CPU
		{40619344-E9C4-452E-8144-8DB34EF85967}.RU|x64.ActiveCfg = Release|Any CPU
		{40619344-E9C4-452E-8144-8DB34EF85967}.RU|x64.Build.0 = Release|Any CPU
		{40619344-E9C4-452E-8144-8DB34EF85967}.RU|x86.ActiveCfg = Release|Any CPU
		{40619344-E9C4-452E-8144-8DB34EF85967}.RU|x86.Build.0 = Release|Any CPU
		{36B668C3-B9E8-4E66-9FE8-E0EF29CFECBC}.Debug_M_Win32|Any CPU.ActiveCfg = Debug_M_Win32|Any CPU
		{36B668C3-B9E8-4E66-9FE8-E0EF29CFECBC}.Debug_M_Win32|Any CPU.Build.0 = Debug_M_Win32|Any CPU
		{36B668C3-B9E8-4E66-9FE8-E0EF29CFECBC}.Debug_M_Win32|x64.ActiveCfg = Debug_M_Win32|Any CPU
		{36B668C3-B9E8-4E66-9FE8-E0EF29CFECBC}.Debug_M_Win32|x64.Build.0 = Debug_M_Win32|Any CPU
		{36B668C3-B9E8-4E66-9FE8-E0EF29CFECBC}.Debug_M_Win32|x86.ActiveCfg = Debug_M_Win32|Any CPU
		{36B668C3-B9E8-4E66-9FE8-E0EF29CFECBC}.Debug_M_Win32|x86.Build.0 = Debug_M_Win32|Any CPU
		{36B668C3-B9E8-4E66-9FE8-E0EF29CFECBC}.Debug_M_x64|Any CPU.ActiveCfg = Debug_M_x64|Any CPU
		{36B668C3-B9E8-4E66-9FE8-E0EF29CFECBC}.Debug_M_x64|Any CPU.Build.0 = Debug_M_x64|Any CPU
		{36B668C3-B9E8-4E66-9FE8-E0EF29CFECBC}.Debug_M_x64|x64.ActiveCfg = Debug_M_x64|Any CPU
		{36B668C3-B9E8-4E66-9FE8-E0EF29CFECBC}.Debug_M_x64|x64.Build.0 = Debug_M_x64|Any CPU
		{36B668C3-B9E8-4E66-9FE8-E0EF29CFECBC}.Debug_M_x64|x86.ActiveCfg = Debug_M_x64|Any CPU
		{36B668C3-B9E8-4E66-9FE8-E0EF29CFECBC}.Debug_M_x64|x86.Build.0 = Debug_M_x64|Any CPU
		{36B668C3-B9E8-4E66-9FE8-E0EF29CFECBC}.Debug_U_Win32|Any CPU.ActiveCfg = Debug_U_Win32|Any CPU
		{36B668C3-B9E8-4E66-9FE8-E0EF29CFECBC}.Debug_U_Win32|Any CPU.Build.0 = Debug_U_Win32|Any CPU
		{36B668C3-B9E8-4E66-9FE8-E0EF29CFECBC}.Debug_U_Win32|x64.ActiveCfg = Debug_U_Win32|Any CPU
		{36B668C3-B9E8-4E66-9FE8-E0EF29CFECBC}.Debug_U_Win32|x64.Build.0 = Debug_U_Win32|Any CPU
		{36B668C3-B9E8-4E66-9FE8-E0EF29CFECBC}.Debug_U_Win32|x86.ActiveCfg = Debug_U_Win32|Any CPU
		{36B668C3-B9E8-4E66-9FE8-E0EF29CFECBC}.Debug_U_Win32|x86.Build.0 = Debug_U_Win32|Any CPU
		{36B668C3-B9E8-4E66-9FE8-E0EF29CFECBC}.Debug_U_x64|Any CPU.ActiveCfg = Debug_U_x64|Any CPU
		{36B668C3-B9E8-4E66-9FE8-E0EF29CFECBC}.Debug_U_x64|Any CPU.Build.0 = Debug_U_x64|Any CPU
		{36B668C3-B9E8-4E66-9FE8-E0EF29CFECBC}.Debug_U_x64|x64.ActiveCfg = Debug_U_x64|Any CPU
		{36B668C3-B9E8-4E66-9FE8-E0EF29CFECBC}.Debug_U_x64|x64.Build.0 = Debug_U_x64|Any CPU
		{36B668C3-B9E8-4E66-9FE8-E0EF29CFECBC}.Debug_U_x64|x86.ActiveCfg = Debug_U_x64|Any CPU
		{36B668C3-B9E8-4E66-9FE8-E0EF29CFECBC}.Debug_U_x64|x86.Build.0 = Debug_U_x64|Any CPU
		{36B668C3-B9E8-4E66-9FE8-E0EF29CFECBC}.Debug|Any CPU.ActiveCfg = Debug|Any CPU
		{36B668C3-B9E8-4E66-9FE8-E0EF29CFECBC}.Debug|Any CPU.Build.0 = Debug|Any CPU
		{36B668C3-B9E8-4E66-9FE8-E0EF29CFECBC}.Debug|x64.ActiveCfg = Debug|Any CPU
		{36B668C3-B9E8-4E66-9FE8-E0EF29CFECBC}.Debug|x64.Build.0 = Debug|Any CPU
		{36B668C3-B9E8-4E66-9FE8-E0EF29CFECBC}.Debug|x86.ActiveCfg = Debug|Any CPU
		{36B668C3-B9E8-4E66-9FE8-E0EF29CFECBC}.Debug|x86.Build.0 = Debug|Any CPU
		{36B668C3-B9E8-4E66-9FE8-E0EF29CFECBC}.DM|Any CPU.ActiveCfg = Debug|Any CPU
		{36B668C3-B9E8-4E66-9FE8-E0EF29CFECBC}.DM|Any CPU.Build.0 = Debug|Any CPU
		{36B668C3-B9E8-4E66-9FE8-E0EF29CFECBC}.DM|x64.ActiveCfg = Debug|Any CPU
		{36B668C3-B9E8-4E66-9FE8-E0EF29CFECBC}.DM|x64.Build.0 = Debug|Any CPU
		{36B668C3-B9E8-4E66-9FE8-E0EF29CFECBC}.DM|x86.ActiveCfg = Debug|Any CPU
		{36B668C3-B9E8-4E66-9FE8-E0EF29CFECBC}.DM|x86.Build.0 = Debug|Any CPU
		{36B668C3-B9E8-4E66-9FE8-E0EF29CFECBC}.DU|Any CPU.ActiveCfg = Debug|Any CPU
		{36B668C3-B9E8-4E66-9FE8-E0EF29CFECBC}.DU|Any CPU.Build.0 = Debug|Any CPU
		{36B668C3-B9E8-4E66-9FE8-E0EF29CFECBC}.DU|x64.ActiveCfg = Debug|Any CPU
		{36B668C3-B9E8-4E66-9FE8-E0EF29CFECBC}.DU|x64.Build.0 = Debug|Any CPU
		{36B668C3-B9E8-4E66-9FE8-E0EF29CFECBC}.DU|x86.ActiveCfg = Debug|Any CPU
		{36B668C3-B9E8-4E66-9FE8-E0EF29CFECBC}.DU|x86.Build.0 = Debug|Any CPU
		{36B668C3-B9E8-4E66-9FE8-E0EF29CFECBC}.Release_M_Win32|Any CPU.ActiveCfg = Release_M_Win32|Any CPU
		{36B668C3-B9E8-4E66-9FE8-E0EF29CFECBC}.Release_M_Win32|Any CPU.Build.0 = Release_M_Win32|Any CPU
		{36B668C3-B9E8-4E66-9FE8-E0EF29CFECBC}.Release_M_Win32|x64.ActiveCfg = Release_M_Win32|Any CPU
		{36B668C3-B9E8-4E66-9FE8-E0EF29CFECBC}.Release_M_Win32|x64.Build.0 = Release_M_Win32|Any CPU
		{36B668C3-B9E8-4E66-9FE8-E0EF29CFECBC}.Release_M_Win32|x86.ActiveCfg = Release_M_Win32|Any CPU
		{36B668C3-B9E8-4E66-9FE8-E0EF29CFECBC}.Release_M_Win32|x86.Build.0 = Release_M_Win32|Any CPU
		{36B668C3-B9E8-4E66-9FE8-E0EF29CFECBC}.Release_M_x64|Any CPU.ActiveCfg = Release_M_x64|Any CPU
		{36B668C3-B9E8-4E66-9FE8-E0EF29CFECBC}.Release_M_x64|Any CPU.Build.0 = Release_M_x64|Any CPU
		{36B668C3-B9E8-4E66-9FE8-E0EF29CFECBC}.Release_M_x64|x64.ActiveCfg = Release_M_x64|Any CPU
		{36B668C3-B9E8-4E66-9FE8-E0EF29CFECBC}.Release_M_x64|x64.Build.0 = Release_M_x64|Any CPU
		{36B668C3-B9E8-4E66-9FE8-E0EF29CFECBC}.Release_M_x64|x86.ActiveCfg = Release_M_x64|Any CPU
		{36B668C3-B9E8-4E66-9FE8-E0EF29CFECBC}.Release_M_x64|x86.Build.0 = Release_M_x64|Any CPU
		{36B668C3-B9E8-4E66-9FE8-E0EF29CFECBC}.Release_U_Win32|Any CPU.ActiveCfg = Release_U_Win32|Any CPU
		{36B668C3-B9E8-4E66-9FE8-E0EF29CFECBC}.Release_U_Win32|Any CPU.Build.0 = Release_U_Win32|Any CPU
		{36B668C3-B9E8-4E66-9FE8-E0EF29CFECBC}.Release_U_Win32|x64.ActiveCfg = Release_U_Win32|Any CPU
		{36B668C3-B9E8-4E66-9FE8-E0EF29CFECBC}.Release_U_Win32|x64.Build.0 = Release_U_Win32|Any CPU
		{36B668C3-B9E8-4E66-9FE8-E0EF29CFECBC}.Release_U_Win32|x86.ActiveCfg = Release_U_Win32|Any CPU
		{36B668C3-B9E8-4E66-9FE8-E0EF29CFECBC}.Release_U_Win32|x86.Build.0 = Release_U_Win32|Any CPU
		{36B668C3-B9E8-4E66-9FE8-E0EF29CFECBC}.Release_U_x64|Any CPU.ActiveCfg = Release_U_x64|Any CPU
		{36B668C3-B9E8-4E66-9FE8-E0EF29CFECBC}.Release_U_x64|Any CPU.Build.0 = Release_U_x64|Any CPU
		{36B668C3-B9E8-4E66-9FE8-E0EF29CFECBC}.Release_U_x64|x64.ActiveCfg = Release_U_x64|Any CPU
		{36B668C3-B9E8-4E66-9FE8-E0EF29CFECBC}.Release_U_x64|x64.Build.0 = Release_U_x64|Any CPU
		{36B668C3-B9E8-4E66-9FE8-E0EF29CFECBC}.Release_U_x64|x86.ActiveCfg = Release_U_x64|Any CPU
		{36B668C3-B9E8-4E66-9FE8-E0EF29CFECBC}.Release_U_x64|x86.Build.0 = Release_U_x64|Any CPU
		{36B668C3-B9E8-4E66-9FE8-E0EF29CFECBC}.Release|Any CPU.ActiveCfg = Release|Any CPU
		{36B668C3-B9E8-4E66-9FE8-E0EF29CFECBC}.Release|Any CPU.Build.0 = Release|Any CPU
		{36B668C3-B9E8-4E66-9FE8-E0EF29CFECBC}.Release|x64.ActiveCfg = Release|Any CPU
		{36B668C3-B9E8-4E66-9FE8-E0EF29CFECBC}.Release|x64.Build.0 = Release|Any CPU
		{36B668C3-B9E8-4E66-9FE8-E0EF29CFECBC}.Release|x86.ActiveCfg = Release|Any CPU
		{36B668C3-B9E8-4E66-9FE8-E0EF29CFECBC}.Release|x86.Build.0 = Release|Any CPU
		{36B668C3-B9E8-4E66-9FE8-E0EF29CFECBC}.RM|Any CPU.ActiveCfg = Release|Any CPU
		{36B668C3-B9E8-4E66-9FE8-E0EF29CFECBC}.RM|Any CPU.Build.0 = Release|Any CPU
		{36B668C3-B9E8-4E66-9FE8-E0EF29CFECBC}.RM|x64.ActiveCfg = Release|Any CPU
		{36B668C3-B9E8-4E66-9FE8-E0EF29CFECBC}.RM|x64.Build.0 = Release|Any CPU
		{36B668C3-B9E8-4E66-9FE8-E0EF29CFECBC}.RM|x86.ActiveCfg = Release|Any CPU
		{36B668C3-B9E8-4E66-9FE8-E0EF29CFECBC}.RM|x86.Build.0 = Release|Any CPU
		{36B668C3-B9E8-4E66-9FE8-E0EF29CFECBC}.RU|Any CPU.ActiveCfg = Release|Any CPU
		{36B668C3-B9E8-4E66-9FE8-E0EF29CFECBC}.RU|Any CPU.Build.0 = Release|Any CPU
		{36B668C3-B9E8-4E66-9FE8-E0EF29CFECBC}.RU|x64.ActiveCfg = Release|Any CPU
		{36B668C3-B9E8-4E66-9FE8-E0EF29CFECBC}.RU|x64.Build.0 = Release|Any CPU
		{36B668C3-B9E8-4E66-9FE8-E0EF29CFECBC}.RU|x86.ActiveCfg = Release|Any CPU
		{36B668C3-B9E8-4E66-9FE8-E0EF29CFECBC}.RU|x86.Build.0 = Release|Any CPU
		{96331E43-783A-480C-AF1B-90408AE5ED83}.Debug_M_Win32|Any CPU.ActiveCfg = Debug|Any CPU
		{96331E43-783A-480C-AF1B-90408AE5ED83}.Debug_M_Win32|Any CPU.Build.0 = Debug|Any CPU
		{96331E43-783A-480C-AF1B-90408AE5ED83}.Debug_M_Win32|x64.ActiveCfg = Debug|Any CPU
		{96331E43-783A-480C-AF1B-90408AE5ED83}.Debug_M_Win32|x64.Build.0 = Debug|Any CPU
		{96331E43-783A-480C-AF1B-90408AE5ED83}.Debug_M_Win32|x86.ActiveCfg = Debug|Any CPU
		{96331E43-783A-480C-AF1B-90408AE5ED83}.Debug_M_Win32|x86.Build.0 = Debug|Any CPU
		{96331E43-783A-480C-AF1B-90408AE5ED83}.Debug_M_x64|Any CPU.ActiveCfg = Debug|Any CPU
		{96331E43-783A-480C-AF1B-90408AE5ED83}.Debug_M_x64|Any CPU.Build.0 = Debug|Any CPU
		{96331E43-783A-480C-AF1B-90408AE5ED83}.Debug_M_x64|x64.ActiveCfg = Debug|Any CPU
		{96331E43-783A-480C-AF1B-90408AE5ED83}.Debug_M_x64|x64.Build.0 = Debug|Any CPU
		{96331E43-783A-480C-AF1B-90408AE5ED83}.Debug_M_x64|x86.ActiveCfg = Debug|Any CPU
		{96331E43-783A-480C-AF1B-90408AE5ED83}.Debug_M_x64|x86.Build.0 = Debug|Any CPU
		{96331E43-783A-480C-AF1B-90408AE5ED83}.Debug_U_Win32|Any CPU.ActiveCfg = Debug|Any CPU
		{96331E43-783A-480C-AF1B-90408AE5ED83}.Debug_U_Win32|Any CPU.Build.0 = Debug|Any CPU
		{96331E43-783A-480C-AF1B-90408AE5ED83}.Debug_U_Win32|x64.ActiveCfg = Debug|Any CPU
		{96331E43-783A-480C-AF1B-90408AE5ED83}.Debug_U_Win32|x64.Build.0 = Debug|Any CPU
		{96331E43-783A-480C-AF1B-90408AE5ED83}.Debug_U_Win32|x86.ActiveCfg = Debug|Any CPU
		{96331E43-783A-480C-AF1B-90408AE5ED83}.Debug_U_Win32|x86.Build.0 = Debug|Any CPU
		{96331E43-783A-480C-AF1B-90408AE5ED83}.Debug_U_x64|Any CPU.ActiveCfg = Debug|Any CPU
		{96331E43-783A-480C-AF1B-90408AE5ED83}.Debug_U_x64|Any CPU.Build.0 = Debug|Any CPU
		{96331E43-783A-480C-AF1B-90408AE5ED83}.Debug_U_x64|x64.ActiveCfg = Debug|Any CPU
		{96331E43-783A-480C-AF1B-90408AE5ED83}.Debug_U_x64|x64.Build.0 = Debug|Any CPU
		{96331E43-783A-480C-AF1B-90408AE5ED83}.Debug_U_x64|x86.ActiveCfg = Debug|Any CPU
		{96331E43-783A-480C-AF1B-90408AE5ED83}.Debug_U_x64|x86.Build.0 = Debug|Any CPU
		{96331E43-783A-480C-AF1B-90408AE5ED83}.Debug|Any CPU.ActiveCfg = Debug|Any CPU
		{96331E43-783A-480C-AF1B-90408AE5ED83}.Debug|Any CPU.Build.0 = Debug|Any CPU
		{96331E43-783A-480C-AF1B-90408AE5ED83}.Debug|x64.ActiveCfg = Debug|Any CPU
		{96331E43-783A-480C-AF1B-90408AE5ED83}.Debug|x64.Build.0 = Debug|Any CPU
		{96331E43-783A-480C-AF1B-90408AE5ED83}.Debug|x86.ActiveCfg = Debug|Any CPU
		{96331E43-783A-480C-AF1B-90408AE5ED83}.Debug|x86.Build.0 = Debug|Any CPU
		{96331E43-783A-480C-AF1B-90408AE5ED83}.DM|Any CPU.ActiveCfg = Debug|Any CPU
		{96331E43-783A-480C-AF1B-90408AE5ED83}.DM|Any CPU.Build.0 = Debug|Any CPU
		{96331E43-783A-480C-AF1B-90408AE5ED83}.DM|x64.ActiveCfg = Debug|Any CPU
		{96331E43-783A-480C-AF1B-90408AE5ED83}.DM|x64.Build.0 = Debug|Any CPU
		{96331E43-783A-480C-AF1B-90408AE5ED83}.DM|x86.ActiveCfg = Debug|Any CPU
		{96331E43-783A-480C-AF1B-90408AE5ED83}.DM|x86.Build.0 = Debug|Any CPU
		{96331E43-783A-480C-AF1B-90408AE5ED83}.DU|Any CPU.ActiveCfg = Debug|Any CPU
		{96331E43-783A-480C-AF1B-90408AE5ED83}.DU|Any CPU.Build.0 = Debug|Any CPU
		{96331E43-783A-480C-AF1B-90408AE5ED83}.DU|x64.ActiveCfg = Debug|Any CPU
		{96331E43-783A-480C-AF1B-90408AE5ED83}.DU|x64.Build.0 = Debug|Any CPU
		{96331E43-783A-480C-AF1B-90408AE5ED83}.DU|x86.ActiveCfg = Debug|Any CPU
		{96331E43-783A-480C-AF1B-90408AE5ED83}.DU|x86.Build.0 = Debug|Any CPU
		{96331E43-783A-480C-AF1B-90408AE5ED83}.Release_M_Win32|Any CPU.ActiveCfg = Release|Any CPU
		{96331E43-783A-480C-AF1B-90408AE5ED83}.Release_M_Win32|Any CPU.Build.0 = Release|Any CPU
		{96331E43-783A-480C-AF1B-90408AE5ED83}.Release_M_Win32|x64.ActiveCfg = Release|Any CPU
		{96331E43-783A-480C-AF1B-90408AE5ED83}.Release_M_Win32|x64.Build.0 = Release|Any CPU
		{96331E43-783A-480C-AF1B-90408AE5ED83}.Release_M_Win32|x86.ActiveCfg = Release|Any CPU
		{96331E43-783A-480C-AF1B-90408AE5ED83}.Release_M_Win32|x86.Build.0 = Release|Any CPU
		{96331E43-783A-480C-AF1B-90408AE5ED83}.Release_M_x64|Any CPU.ActiveCfg = Release|Any CPU
		{96331E43-783A-480C-AF1B-90408AE5ED83}.Release_M_x64|Any CPU.Build.0 = Release|Any CPU
		{96331E43-783A-480C-AF1B-90408AE5ED83}.Release_M_x64|x64.ActiveCfg = Release|Any CPU
		{96331E43-783A-480C-AF1B-90408AE5ED83}.Release_M_x64|x64.Build.0 = Release|Any CPU
		{96331E43-783A-480C-AF1B-90408AE5ED83}.Release_M_x64|x86.ActiveCfg = Release|Any CPU
		{96331E43-783A-480C-AF1B-90408AE5ED83}.Release_M_x64|x86.Build.0 = Release|Any CPU
		{96331E43-783A-480C-AF1B-90408AE5ED83}.Release_U_Win32|Any CPU.ActiveCfg = Release|Any CPU
		{96331E43-783A-480C-AF1B-90408AE5ED83}.Release_U_Win32|Any CPU.Build.0 = Release|Any CPU
		{96331E43-783A-480C-AF1B-90408AE5ED83}.Release_U_Win32|x64.ActiveCfg = Release|Any CPU
		{96331E43-783A-480C-AF1B-90408AE5ED83}.Release_U_Win32|x64.Build.0 = Release|Any CPU
		{96331E43-783A-480C-AF1B-90408AE5ED83}.Release_U_Win32|x86.ActiveCfg = Release|Any CPU
		{96331E43-783A-480C-AF1B-90408AE5ED83}.Release_U_Win32|x86.Build.0 = Release|Any CPU
		{96331E43-783A-480C-AF1B-90408AE5ED83}.Release_U_x64|Any CPU.ActiveCfg = Release|Any CPU
		{96331E43-783A-480C-AF1B-90408AE5ED83}.Release_U_x64|Any CPU.Build.0 = Release|Any CPU
		{96331E43-783A-480C-AF1B-90408AE5ED83}.Release_U_x64|x64.ActiveCfg = Release|Any CPU
		{96331E43-783A-480C-AF1B-90408AE5ED83}.Release_U_x64|x64.Build.0 = Release|Any CPU
		{96331E43-783A-480C-AF1B-90408AE5ED83}.Release_U_x64|x86.ActiveCfg = Release|Any CPU
		{96331E43-783A-480C-AF1B-90408AE5ED83}.Release_U_x64|x86.Build.0 = Release|Any CPU
		{96331E43-783A-480C-AF1B-90408AE5ED83}.Release|Any CPU.ActiveCfg = Release|Any CPU
		{96331E43-783A-480C-AF1B-90408AE5ED83}.Release|Any CPU.Build.0 = Release|Any CPU
		{96331E43-783A-480C-AF1B-90408AE5ED83}.Release|x64.ActiveCfg = Release|Any CPU
		{96331E43-783A-480C-AF1B-90408AE5ED83}.Release|x64.Build.0 = Release|Any CPU
		{96331E43-783A-480C-AF1B-90408AE5ED83}.Release|x86.ActiveCfg = Release|Any CPU
		{96331E43-783A-480C-AF1B-90408AE5ED83}.Release|x86.Build.0 = Release|Any CPU
		{96331E43-783A-480C-AF1B-90408AE5ED83}.RM|Any CPU.ActiveCfg = Release|Any CPU
		{96331E43-783A-480C-AF1B-90408AE5ED83}.RM|Any CPU.Build.0 = Release|Any CPU
		{96331E43-783A-480C-AF1B-90408AE5ED83}.RM|x64.ActiveCfg = Release|Any CPU
		{96331E43-783A-480C-AF1B-90408AE5ED83}.RM|x64.Build.0 = Release|Any CPU
		{96331E43-783A-480C-AF1B-90408AE5ED83}.RM|x86.ActiveCfg = Release|Any CPU
		{96331E43-783A-480C-AF1B-90408AE5ED83}.RM|x86.Build.0 = Release|Any CPU
		{96331E43-783A-480C-AF1B-90408AE5ED83}.RU|Any CPU.ActiveCfg = Release|Any CPU
		{96331E43-783A-480C-AF1B-90408AE5ED83}.RU|Any CPU.Build.0 = Release|Any CPU
		{96331E43-783A-480C-AF1B-90408AE5ED83}.RU|x64.ActiveCfg = Release|Any CPU
		{96331E43-783A-480C-AF1B-90408AE5ED83}.RU|x64.Build.0 = Release|Any CPU
		{96331E43-783A-480C-AF1B-90408AE5ED83}.RU|x86.ActiveCfg = Release|Any CPU
		{96331E43-783A-480C-AF1B-90408AE5ED83}.RU|x86.Build.0 = Release|Any CPU
		{9CC713D1-CB42-45B6-83FA-0BCC373AA82C}.Debug_M_Win32|Any CPU.ActiveCfg = Debug|x64
		{9CC713D1-CB42-45B6-83FA-0BCC373AA82C}.Debug_M_Win32|Any CPU.Build.0 = Debug|x64
		{9CC713D1-CB42-45B6-83FA-0BCC373AA82C}.Debug_M_Win32|x64.ActiveCfg = Debug|x64
		{9CC713D1-CB42-45B6-83FA-0BCC373AA82C}.Debug_M_Win32|x64.Build.0 = Debug|x64
		{9CC713D1-CB42-45B6-83FA-0BCC373AA82C}.Debug_M_Win32|x86.ActiveCfg = Debug|x86
		{9CC713D1-CB42-45B6-83FA-0BCC373AA82C}.Debug_M_Win32|x86.Build.0 = Debug|x86
		{9CC713D1-CB42-45B6-83FA-0BCC373AA82C}.Debug_M_x64|Any CPU.ActiveCfg = Debug|x64
		{9CC713D1-CB42-45B6-83FA-0BCC373AA82C}.Debug_M_x64|Any CPU.Build.0 = Debug|x64
		{9CC713D1-CB42-45B6-83FA-0BCC373AA82C}.Debug_M_x64|x64.ActiveCfg = Debug|x64
		{9CC713D1-CB42-45B6-83FA-0BCC373AA82C}.Debug_M_x64|x64.Build.0 = Debug|x64
		{9CC713D1-CB42-45B6-83FA-0BCC373AA82C}.Debug_M_x64|x86.ActiveCfg = Debug|x86
		{9CC713D1-CB42-45B6-83FA-0BCC373AA82C}.Debug_M_x64|x86.Build.0 = Debug|x86
		{9CC713D1-CB42-45B6-83FA-0BCC373AA82C}.Debug_U_Win32|Any CPU.ActiveCfg = Debug|x64
		{9CC713D1-CB42-45B6-83FA-0BCC373AA82C}.Debug_U_Win32|Any CPU.Build.0 = Debug|x64
		{9CC713D1-CB42-45B6-83FA-0BCC373AA82C}.Debug_U_Win32|x64.ActiveCfg = Debug|x64
		{9CC713D1-CB42-45B6-83FA-0BCC373AA82C}.Debug_U_Win32|x64.Build.0 = Debug|x64
		{9CC713D1-CB42-45B6-83FA-0BCC373AA82C}.Debug_U_Win32|x86.ActiveCfg = Debug|x86
		{9CC713D1-CB42-45B6-83FA-0BCC373AA82C}.Debug_U_Win32|x86.Build.0 = Debug|x86
		{9CC713D1-CB42-45B6-83FA-0BCC373AA82C}.Debug_U_x64|Any CPU.ActiveCfg = Debug|x64
		{9CC713D1-CB42-45B6-83FA-0BCC373AA82C}.Debug_U_x64|Any CPU.Build.0 = Debug|x64
		{9CC713D1-CB42-45B6-83FA-0BCC373AA82C}.Debug_U_x64|x64.ActiveCfg = Debug|x64
		{9CC713D1-CB42-45B6-83FA-0BCC373AA82C}.Debug_U_x64|x64.Build.0 = Debug|x64
		{9CC713D1-CB42-45B6-83FA-0BCC373AA82C}.Debug_U_x64|x86.ActiveCfg = Debug|x86
		{9CC713D1-CB42-45B6-83FA-0BCC373AA82C}.Debug_U_x64|x86.Build.0 = Debug|x86
		{9CC713D1-CB42-45B6-83FA-0BCC373AA82C}.Debug|Any CPU.ActiveCfg = Debug|x64
		{9CC713D1-CB42-45B6-83FA-0BCC373AA82C}.Debug|Any CPU.Build.0 = Debug|x64
		{9CC713D1-CB42-45B6-83FA-0BCC373AA82C}.Debug|x64.ActiveCfg = Debug|x64
		{9CC713D1-CB42-45B6-83FA-0BCC373AA82C}.Debug|x64.Build.0 = Debug|x64
		{9CC713D1-CB42-45B6-83FA-0BCC373AA82C}.Debug|x86.ActiveCfg = Debug|x86
		{9CC713D1-CB42-45B6-83FA-0BCC373AA82C}.Debug|x86.Build.0 = Debug|x86
		{9CC713D1-CB42-45B6-83FA-0BCC373AA82C}.DM|Any CPU.ActiveCfg = Release|x86
		{9CC713D1-CB42-45B6-83FA-0BCC373AA82C}.DM|Any CPU.Build.0 = Release|x86
		{9CC713D1-CB42-45B6-83FA-0BCC373AA82C}.DM|x64.ActiveCfg = Debug|x64
		{9CC713D1-CB42-45B6-83FA-0BCC373AA82C}.DM|x64.Build.0 = Debug|x64
		{9CC713D1-CB42-45B6-83FA-0BCC373AA82C}.DM|x86.ActiveCfg = Debug|x86
		{9CC713D1-CB42-45B6-83FA-0BCC373AA82C}.DM|x86.Build.0 = Debug|x86
		{9CC713D1-CB42-45B6-83FA-0BCC373AA82C}.DU|Any CPU.ActiveCfg = Release|x86
		{9CC713D1-CB42-45B6-83FA-0BCC373AA82C}.DU|Any CPU.Build.0 = Release|x86
		{9CC713D1-CB42-45B6-83FA-0BCC373AA82C}.DU|x64.ActiveCfg = Debug|x64
		{9CC713D1-CB42-45B6-83FA-0BCC373AA82C}.DU|x64.Build.0 = Debug|x64
		{9CC713D1-CB42-45B6-83FA-0BCC373AA82C}.DU|x86.ActiveCfg = Debug|x86
		{9CC713D1-CB42-45B6-83FA-0BCC373AA82C}.DU|x86.Build.0 = Debug|x86
		{9CC713D1-CB42-45B6-83FA-0BCC373AA82C}.Release_M_Win32|Any CPU.ActiveCfg = Release|x64
		{9CC713D1-CB42-45B6-83FA-0BCC373AA82C}.Release_M_Win32|Any CPU.Build.0 = Release|x64
		{9CC713D1-CB42-45B6-83FA-0BCC373AA82C}.Release_M_Win32|x64.ActiveCfg = Release|x64
		{9CC713D1-CB42-45B6-83FA-0BCC373AA82C}.Release_M_Win32|x64.Build.0 = Release|x64
		{9CC713D1-CB42-45B6-83FA-0BCC373AA82C}.Release_M_Win32|x86.ActiveCfg = Release|x86
		{9CC713D1-CB42-45B6-83FA-0BCC373AA82C}.Release_M_Win32|x86.Build.0 = Release|x86
		{9CC713D1-CB42-45B6-83FA-0BCC373AA82C}.Release_M_x64|Any CPU.ActiveCfg = Release|x64
		{9CC713D1-CB42-45B6-83FA-0BCC373AA82C}.Release_M_x64|Any CPU.Build.0 = Release|x64
		{9CC713D1-CB42-45B6-83FA-0BCC373AA82C}.Release_M_x64|x64.ActiveCfg = Release|x64
		{9CC713D1-CB42-45B6-83FA-0BCC373AA82C}.Release_M_x64|x64.Build.0 = Release|x64
		{9CC713D1-CB42-45B6-83FA-0BCC373AA82C}.Release_M_x64|x86.ActiveCfg = Release|x86
		{9CC713D1-CB42-45B6-83FA-0BCC373AA82C}.Release_M_x64|x86.Build.0 = Release|x86
		{9CC713D1-CB42-45B6-83FA-0BCC373AA82C}.Release_U_Win32|Any CPU.ActiveCfg = Release|x64
		{9CC713D1-CB42-45B6-83FA-0BCC373AA82C}.Release_U_Win32|Any CPU.Build.0 = Release|x64
		{9CC713D1-CB42-45B6-83FA-0BCC373AA82C}.Release_U_Win32|x64.ActiveCfg = Release|x64
		{9CC713D1-CB42-45B6-83FA-0BCC373AA82C}.Release_U_Win32|x64.Build.0 = Release|x64
		{9CC713D1-CB42-45B6-83FA-0BCC373AA82C}.Release_U_Win32|x86.ActiveCfg = Release|x86
		{9CC713D1-CB42-45B6-83FA-0BCC373AA82C}.Release_U_Win32|x86.Build.0 = Release|x86
		{9CC713D1-CB42-45B6-83FA-0BCC373AA82C}.Release_U_x64|Any CPU.ActiveCfg = Release|x64
		{9CC713D1-CB42-45B6-83FA-0BCC373AA82C}.Release_U_x64|Any CPU.Build.0 = Release|x64
		{9CC713D1-CB42-45B6-83FA-0BCC373AA82C}.Release_U_x64|x64.ActiveCfg = Release|x64
		{9CC713D1-CB42-45B6-83FA-0BCC373AA82C}.Release_U_x64|x64.Build.0 = Release|x64
		{9CC713D1-CB42-45B6-83FA-0BCC373AA82C}.Release_U_x64|x86.ActiveCfg = Release|x86
		{9CC713D1-CB42-45B6-83FA-0BCC373AA82C}.Release_U_x64|x86.Build.0 = Release|x86
		{9CC713D1-CB42-45B6-83FA-0BCC373AA82C}.Release|Any CPU.ActiveCfg = Release|x64
		{9CC713D1-CB42-45B6-83FA-0BCC373AA82C}.Release|Any CPU.Build.0 = Release|x64
		{9CC713D1-CB42-45B6-83FA-0BCC373AA82C}.Release|x64.ActiveCfg = Release|x64
		{9CC713D1-CB42-45B6-83FA-0BCC373AA82C}.Release|x64.Build.0 = Release|x64
		{9CC713D1-CB42-45B6-83FA-0BCC373AA82C}.Release|x86.ActiveCfg = Release|x86
		{9CC713D1-CB42-45B6-83FA-0BCC373AA82C}.Release|x86.Build.0 = Release|x86
		{9CC713D1-CB42-45B6-83FA-0BCC373AA82C}.RM|Any CPU.ActiveCfg = Release|x86
		{9CC713D1-CB42-45B6-83FA-0BCC373AA82C}.RM|Any CPU.Build.0 = Release|x86
		{9CC713D1-CB42-45B6-83FA-0BCC373AA82C}.RM|x64.ActiveCfg = Release|x64
		{9CC713D1-CB42-45B6-83FA-0BCC373AA82C}.RM|x64.Build.0 = Release|x64
		{9CC713D1-CB42-45B6-83FA-0BCC373AA82C}.RM|x86.ActiveCfg = Release|x86
		{9CC713D1-CB42-45B6-83FA-0BCC373AA82C}.RM|x86.Build.0 = Release|x86
		{9CC713D1-CB42-45B6-83FA-0BCC373AA82C}.RU|Any CPU.ActiveCfg = Release|x86
		{9CC713D1-CB42-45B6-83FA-0BCC373AA82C}.RU|Any CPU.Build.0 = Release|x86
		{9CC713D1-CB42-45B6-83FA-0BCC373AA82C}.RU|x64.ActiveCfg = Release|x64
		{9CC713D1-CB42-45B6-83FA-0BCC373AA82C}.RU|x64.Build.0 = Release|x64
		{9CC713D1-CB42-45B6-83FA-0BCC373AA82C}.RU|x86.ActiveCfg = Release|x86
		{9CC713D1-CB42-45B6-83FA-0BCC373AA82C}.RU|x86.Build.0 = Release|x86
		{ED1E60DF-7B77-4411-8216-EF99B1DDA997}.Debug_M_Win32|Any CPU.ActiveCfg = Debug|x86
		{ED1E60DF-7B77-4411-8216-EF99B1DDA997}.Debug_M_Win32|Any CPU.Build.0 = Debug|x86
		{ED1E60DF-7B77-4411-8216-EF99B1DDA997}.Debug_M_Win32|x64.ActiveCfg = Debug|x64
		{ED1E60DF-7B77-4411-8216-EF99B1DDA997}.Debug_M_Win32|x64.Build.0 = Debug|x64
		{ED1E60DF-7B77-4411-8216-EF99B1DDA997}.Debug_M_Win32|x86.ActiveCfg = Debug|x86
		{ED1E60DF-7B77-4411-8216-EF99B1DDA997}.Debug_M_Win32|x86.Build.0 = Debug|x86
		{ED1E60DF-7B77-4411-8216-EF99B1DDA997}.Debug_M_x64|Any CPU.ActiveCfg = Debug|x86
		{ED1E60DF-7B77-4411-8216-EF99B1DDA997}.Debug_M_x64|Any CPU.Build.0 = Debug|x86
		{ED1E60DF-7B77-4411-8216-EF99B1DDA997}.Debug_M_x64|x64.ActiveCfg = Debug|x64
		{ED1E60DF-7B77-4411-8216-EF99B1DDA997}.Debug_M_x64|x64.Build.0 = Debug|x64
		{ED1E60DF-7B77-4411-8216-EF99B1DDA997}.Debug_M_x64|x86.ActiveCfg = Debug|x86
		{ED1E60DF-7B77-4411-8216-EF99B1DDA997}.Debug_M_x64|x86.Build.0 = Debug|x86
		{ED1E60DF-7B77-4411-8216-EF99B1DDA997}.Debug_U_Win32|Any CPU.ActiveCfg = Debug|x86
		{ED1E60DF-7B77-4411-8216-EF99B1DDA997}.Debug_U_Win32|Any CPU.Build.0 = Debug|x86
		{ED1E60DF-7B77-4411-8216-EF99B1DDA997}.Debug_U_Win32|x64.ActiveCfg = Debug|x64
		{ED1E60DF-7B77-4411-8216-EF99B1DDA997}.Debug_U_Win32|x64.Build.0 = Debug|x64
		{ED1E60DF-7B77-4411-8216-EF99B1DDA997}.Debug_U_Win32|x86.ActiveCfg = Debug|x86
		{ED1E60DF-7B77-4411-8216-EF99B1DDA997}.Debug_U_Win32|x86.Build.0 = Debug|x86
		{ED1E60DF-7B77-4411-8216-EF99B1DDA997}.Debug_U_x64|Any CPU.ActiveCfg = Debug|x86
		{ED1E60DF-7B77-4411-8216-EF99B1DDA997}.Debug_U_x64|Any CPU.Build.0 = Debug|x86
		{ED1E60DF-7B77-4411-8216-EF99B1DDA997}.Debug_U_x64|x64.ActiveCfg = Debug|x64
		{ED1E60DF-7B77-4411-8216-EF99B1DDA997}.Debug_U_x64|x64.Build.0 = Debug|x64
		{ED1E60DF-7B77-4411-8216-EF99B1DDA997}.Debug_U_x64|x86.ActiveCfg = Debug|x86
		{ED1E60DF-7B77-4411-8216-EF99B1DDA997}.Debug_U_x64|x86.Build.0 = Debug|x86
		{ED1E60DF-7B77-4411-8216-EF99B1DDA997}.Debug|Any CPU.ActiveCfg = Debug|x86
		{ED1E60DF-7B77-4411-8216-EF99B1DDA997}.Debug|Any CPU.Build.0 = Debug|x86
		{ED1E60DF-7B77-4411-8216-EF99B1DDA997}.Debug|x64.ActiveCfg = Debug|x64
		{ED1E60DF-7B77-4411-8216-EF99B1DDA997}.Debug|x64.Build.0 = Debug|x64
		{ED1E60DF-7B77-4411-8216-EF99B1DDA997}.Debug|x86.ActiveCfg = Debug|x86
		{ED1E60DF-7B77-4411-8216-EF99B1DDA997}.Debug|x86.Build.0 = Debug|x86
		{ED1E60DF-7B77-4411-8216-EF99B1DDA997}.DM|Any CPU.ActiveCfg = Release|x86
		{ED1E60DF-7B77-4411-8216-EF99B1DDA997}.DM|Any CPU.Build.0 = Release|x86
		{ED1E60DF-7B77-4411-8216-EF99B1DDA997}.DM|x64.ActiveCfg = Debug|x64
		{ED1E60DF-7B77-4411-8216-EF99B1DDA997}.DM|x64.Build.0 = Debug|x64
		{ED1E60DF-7B77-4411-8216-EF99B1DDA997}.DM|x86.ActiveCfg = Debug|x86
		{ED1E60DF-7B77-4411-8216-EF99B1DDA997}.DM|x86.Build.0 = Debug|x86
		{ED1E60DF-7B77-4411-8216-EF99B1DDA997}.DU|Any CPU.ActiveCfg = Release|x86
		{ED1E60DF-7B77-4411-8216-EF99B1DDA997}.DU|Any CPU.Build.0 = Release|x86
		{ED1E60DF-7B77-4411-8216-EF99B1DDA997}.DU|x64.ActiveCfg = Debug|x64
		{ED1E60DF-7B77-4411-8216-EF99B1DDA997}.DU|x64.Build.0 = Debug|x64
		{ED1E60DF-7B77-4411-8216-EF99B1DDA997}.DU|x86.ActiveCfg = Debug|x86
		{ED1E60DF-7B77-4411-8216-EF99B1DDA997}.DU|x86.Build.0 = Debug|x86
		{ED1E60DF-7B77-4411-8216-EF99B1DDA997}.Release_M_Win32|Any CPU.ActiveCfg = Debug|x86
		{ED1E60DF-7B77-4411-8216-EF99B1DDA997}.Release_M_Win32|Any CPU.Build.0 = Debug|x86
		{ED1E60DF-7B77-4411-8216-EF99B1DDA997}.Release_M_Win32|x64.ActiveCfg = Release|x64
		{ED1E60DF-7B77-4411-8216-EF99B1DDA997}.Release_M_Win32|x64.Build.0 = Release|x64
		{ED1E60DF-7B77-4411-8216-EF99B1DDA997}.Release_M_Win32|x86.ActiveCfg = Release|x86
		{ED1E60DF-7B77-4411-8216-EF99B1DDA997}.Release_M_Win32|x86.Build.0 = Release|x86
		{ED1E60DF-7B77-4411-8216-EF99B1DDA997}.Release_M_x64|Any CPU.ActiveCfg = Debug|x86
		{ED1E60DF-7B77-4411-8216-EF99B1DDA997}.Release_M_x64|Any CPU.Build.0 = Debug|x86
		{ED1E60DF-7B77-4411-8216-EF99B1DDA997}.Release_M_x64|x64.ActiveCfg = Release|x64
		{ED1E60DF-7B77-4411-8216-EF99B1DDA997}.Release_M_x64|x64.Build.0 = Release|x64
		{ED1E60DF-7B77-4411-8216-EF99B1DDA997}.Release_M_x64|x86.ActiveCfg = Release|x86
		{ED1E60DF-7B77-4411-8216-EF99B1DDA997}.Release_M_x64|x86.Build.0 = Release|x86
		{ED1E60DF-7B77-4411-8216-EF99B1DDA997}.Release_U_Win32|Any CPU.ActiveCfg = Debug|x86
		{ED1E60DF-7B77-4411-8216-EF99B1DDA997}.Release_U_Win32|Any CPU.Build.0 = Debug|x86
		{ED1E60DF-7B77-4411-8216-EF99B1DDA997}.Release_U_Win32|x64.ActiveCfg = Release|x64
		{ED1E60DF-7B77-4411-8216-EF99B1DDA997}.Release_U_Win32|x64.Build.0 = Release|x64
		{ED1E60DF-7B77-4411-8216-EF99B1DDA997}.Release_U_Win32|x86.ActiveCfg = Release|x86
		{ED1E60DF-7B77-4411-8216-EF99B1DDA997}.Release_U_Win32|x86.Build.0 = Release|x86
		{ED1E60DF-7B77-4411-8216-EF99B1DDA997}.Release_U_x64|Any CPU.ActiveCfg = Debug|x86
		{ED1E60DF-7B77-4411-8216-EF99B1DDA997}.Release_U_x64|Any CPU.Build.0 = Debug|x86
		{ED1E60DF-7B77-4411-8216-EF99B1DDA997}.Release_U_x64|x64.ActiveCfg = Release|x64
		{ED1E60DF-7B77-4411-8216-EF99B1DDA997}.Release_U_x64|x64.Build.0 = Release|x64
		{ED1E60DF-7B77-4411-8216-EF99B1DDA997}.Release_U_x64|x86.ActiveCfg = Release|x86
		{ED1E60DF-7B77-4411-8216-EF99B1DDA997}.Release_U_x64|x86.Build.0 = Release|x86
		{ED1E60DF-7B77-4411-8216-EF99B1DDA997}.Release|Any CPU.ActiveCfg = Release|x86
		{ED1E60DF-7B77-4411-8216-EF99B1DDA997}.Release|Any CPU.Build.0 = Release|x86
		{ED1E60DF-7B77-4411-8216-EF99B1DDA997}.Release|x64.ActiveCfg = Release|x64
		{ED1E60DF-7B77-4411-8216-EF99B1DDA997}.Release|x64.Build.0 = Release|x64
		{ED1E60DF-7B77-4411-8216-EF99B1DDA997}.Release|x86.ActiveCfg = Release|x86
		{ED1E60DF-7B77-4411-8216-EF99B1DDA997}.Release|x86.Build.0 = Release|x86
		{ED1E60DF-7B77-4411-8216-EF99B1DDA997}.RM|Any CPU.ActiveCfg = Release|x86
		{ED1E60DF-7B77-4411-8216-EF99B1DDA997}.RM|Any CPU.Build.0 = Release|x86
		{ED1E60DF-7B77-4411-8216-EF99B1DDA997}.RM|x64.ActiveCfg = Release|x64
		{ED1E60DF-7B77-4411-8216-EF99B1DDA997}.RM|x64.Build.0 = Release|x64
		{ED1E60DF-7B77-4411-8216-EF99B1DDA997}.RM|x86.ActiveCfg = Release|x86
		{ED1E60DF-7B77-4411-8216-EF99B1DDA997}.RM|x86.Build.0 = Release|x86
		{ED1E60DF-7B77-4411-8216-EF99B1DDA997}.RU|Any CPU.ActiveCfg = Release|x86
		{ED1E60DF-7B77-4411-8216-EF99B1DDA997}.RU|Any CPU.Build.0 = Release|x86
		{ED1E60DF-7B77-4411-8216-EF99B1DDA997}.RU|x64.ActiveCfg = Release|x64
		{ED1E60DF-7B77-4411-8216-EF99B1DDA997}.RU|x64.Build.0 = Release|x64
		{ED1E60DF-7B77-4411-8216-EF99B1DDA997}.RU|x86.ActiveCfg = Release|x86
		{ED1E60DF-7B77-4411-8216-EF99B1DDA997}.RU|x86.Build.0 = Release|x86
		{901BB37F-030D-4954-9895-4DE52673B95F}.Debug_M_Win32|Any CPU.ActiveCfg = DU|x64
		{901BB37F-030D-4954-9895-4DE52673B95F}.Debug_M_Win32|Any CPU.Build.0 = DU|x64
		{901BB37F-030D-4954-9895-4DE52673B95F}.Debug_M_Win32|x64.ActiveCfg = DU|x64
		{901BB37F-030D-4954-9895-4DE52673B95F}.Debug_M_Win32|x64.Build.0 = DU|x64
		{901BB37F-030D-4954-9895-4DE52673B95F}.Debug_M_Win32|x86.ActiveCfg = DU|Win32
		{901BB37F-030D-4954-9895-4DE52673B95F}.Debug_M_Win32|x86.Build.0 = DU|Win32
		{901BB37F-030D-4954-9895-4DE52673B95F}.Debug_M_x64|Any CPU.ActiveCfg = DU|x64
		{901BB37F-030D-4954-9895-4DE52673B95F}.Debug_M_x64|Any CPU.Build.0 = DU|x64
		{901BB37F-030D-4954-9895-4DE52673B95F}.Debug_M_x64|x64.ActiveCfg = DU|x64
		{901BB37F-030D-4954-9895-4DE52673B95F}.Debug_M_x64|x64.Build.0 = DU|x64
		{901BB37F-030D-4954-9895-4DE52673B95F}.Debug_M_x64|x86.ActiveCfg = DU|Win32
		{901BB37F-030D-4954-9895-4DE52673B95F}.Debug_M_x64|x86.Build.0 = DU|Win32
		{901BB37F-030D-4954-9895-4DE52673B95F}.Debug_U_Win32|Any CPU.ActiveCfg = DU|x64
		{901BB37F-030D-4954-9895-4DE52673B95F}.Debug_U_Win32|Any CPU.Build.0 = DU|x64
		{901BB37F-030D-4954-9895-4DE52673B95F}.Debug_U_Win32|x64.ActiveCfg = DU|x64
		{901BB37F-030D-4954-9895-4DE52673B95F}.Debug_U_Win32|x64.Build.0 = DU|x64
		{901BB37F-030D-4954-9895-4DE52673B95F}.Debug_U_Win32|x86.ActiveCfg = DU|Win32
		{901BB37F-030D-4954-9895-4DE52673B95F}.Debug_U_Win32|x86.Build.0 = DU|Win32
		{901BB37F-030D-4954-9895-4DE52673B95F}.Debug_U_x64|Any CPU.ActiveCfg = DU|x64
		{901BB37F-030D-4954-9895-4DE52673B95F}.Debug_U_x64|Any CPU.Build.0 = DU|x64
		{901BB37F-030D-4954-9895-4DE52673B95F}.Debug_U_x64|x64.ActiveCfg = DU|x64
		{901BB37F-030D-4954-9895-4DE52673B95F}.Debug_U_x64|x64.Build.0 = DU|x64
		{901BB37F-030D-4954-9895-4DE52673B95F}.Debug_U_x64|x86.ActiveCfg = DU|Win32
		{901BB37F-030D-4954-9895-4DE52673B95F}.Debug_U_x64|x86.Build.0 = DU|Win32
		{901BB37F-030D-4954-9895-4DE52673B95F}.Debug|Any CPU.ActiveCfg = DU|x64
		{901BB37F-030D-4954-9895-4DE52673B95F}.Debug|Any CPU.Build.0 = DU|x64
		{901BB37F-030D-4954-9895-4DE52673B95F}.Debug|x64.ActiveCfg = DU|x64
		{901BB37F-030D-4954-9895-4DE52673B95F}.Debug|x64.Build.0 = DU|x64
		{901BB37F-030D-4954-9895-4DE52673B95F}.Debug|x86.ActiveCfg = DU|Win32
		{901BB37F-030D-4954-9895-4DE52673B95F}.Debug|x86.Build.0 = DU|Win32
		{901BB37F-030D-4954-9895-4DE52673B95F}.DM|Any CPU.ActiveCfg = DM|Win32
		{901BB37F-030D-4954-9895-4DE52673B95F}.DM|x64.ActiveCfg = DM|x64
		{901BB37F-030D-4954-9895-4DE52673B95F}.DM|x64.Build.0 = DM|x64
		{901BB37F-030D-4954-9895-4DE52673B95F}.DM|x86.ActiveCfg = DM|Win32
		{901BB37F-030D-4954-9895-4DE52673B95F}.DM|x86.Build.0 = DM|Win32
		{901BB37F-030D-4954-9895-4DE52673B95F}.DU|Any CPU.ActiveCfg = DU|Win32
		{901BB37F-030D-4954-9895-4DE52673B95F}.DU|x64.ActiveCfg = DU|x64
		{901BB37F-030D-4954-9895-4DE52673B95F}.DU|x64.Build.0 = DU|x64
		{901BB37F-030D-4954-9895-4DE52673B95F}.DU|x86.ActiveCfg = DU|Win32
		{901BB37F-030D-4954-9895-4DE52673B95F}.DU|x86.Build.0 = DU|Win32
		{901BB37F-030D-4954-9895-4DE52673B95F}.Release_M_Win32|Any CPU.ActiveCfg = DU|x64
		{901BB37F-030D-4954-9895-4DE52673B95F}.Release_M_Win32|Any CPU.Build.0 = DU|x64
		{901BB37F-030D-4954-9895-4DE52673B95F}.Release_M_Win32|x64.ActiveCfg = RM|x64
		{901BB37F-030D-4954-9895-4DE52673B95F}.Release_M_Win32|x64.Build.0 = RM|x64
		{901BB37F-030D-4954-9895-4DE52673B95F}.Release_M_Win32|x86.ActiveCfg = RM|Win32
		{901BB37F-030D-4954-9895-4DE52673B95F}.Release_M_Win32|x86.Build.0 = RM|Win32
		{901BB37F-030D-4954-9895-4DE52673B95F}.Release_M_x64|Any CPU.ActiveCfg = DU|x64
		{901BB37F-030D-4954-9895-4DE52673B95F}.Release_M_x64|Any CPU.Build.0 = DU|x64
		{901BB37F-030D-4954-9895-4DE52673B95F}.Release_M_x64|x64.ActiveCfg = RM|x64
		{901BB37F-030D-4954-9895-4DE52673B95F}.Release_M_x64|x64.Build.0 = RM|x64
		{901BB37F-030D-4954-9895-4DE52673B95F}.Release_M_x64|x86.ActiveCfg = RM|Win32
		{901BB37F-030D-4954-9895-4DE52673B95F}.Release_M_x64|x86.Build.0 = RM|Win32
		{901BB37F-030D-4954-9895-4DE52673B95F}.Release_U_Win32|Any CPU.ActiveCfg = DU|x64
		{901BB37F-030D-4954-9895-4DE52673B95F}.Release_U_Win32|Any CPU.Build.0 = DU|x64
		{901BB37F-030D-4954-9895-4DE52673B95F}.Release_U_Win32|x64.ActiveCfg = RM|x64
		{901BB37F-030D-4954-9895-4DE52673B95F}.Release_U_Win32|x64.Build.0 = RM|x64
		{901BB37F-030D-4954-9895-4DE52673B95F}.Release_U_Win32|x86.ActiveCfg = RM|Win32
		{901BB37F-030D-4954-9895-4DE52673B95F}.Release_U_Win32|x86.Build.0 = RM|Win32
		{901BB37F-030D-4954-9895-4DE52673B95F}.Release_U_x64|Any CPU.ActiveCfg = DU|x64
		{901BB37F-030D-4954-9895-4DE52673B95F}.Release_U_x64|Any CPU.Build.0 = DU|x64
		{901BB37F-030D-4954-9895-4DE52673B95F}.Release_U_x64|x64.ActiveCfg = RM|x64
		{901BB37F-030D-4954-9895-4DE52673B95F}.Release_U_x64|x64.Build.0 = RM|x64
		{901BB37F-030D-4954-9895-4DE52673B95F}.Release_U_x64|x86.ActiveCfg = RM|Win32
		{901BB37F-030D-4954-9895-4DE52673B95F}.Release_U_x64|x86.Build.0 = RM|Win32
		{901BB37F-030D-4954-9895-4DE52673B95F}.Release|Any CPU.ActiveCfg = DU|x64
		{901BB37F-030D-4954-9895-4DE52673B95F}.Release|Any CPU.Build.0 = DU|x64
		{901BB37F-030D-4954-9895-4DE52673B95F}.Release|x64.ActiveCfg = RM|x64
		{901BB37F-030D-4954-9895-4DE52673B95F}.Release|x64.Build.0 = RM|x64
		{901BB37F-030D-4954-9895-4DE52673B95F}.Release|x86.ActiveCfg = RM|Win32
		{901BB37F-030D-4954-9895-4DE52673B95F}.Release|x86.Build.0 = RM|Win32
		{901BB37F-030D-4954-9895-4DE52673B95F}.RM|Any CPU.ActiveCfg = RM|Win32
		{901BB37F-030D-4954-9895-4DE52673B95F}.RM|x64.ActiveCfg = RM|x64
		{901BB37F-030D-4954-9895-4DE52673B95F}.RM|x64.Build.0 = RM|x64
		{901BB37F-030D-4954-9895-4DE52673B95F}.RM|x86.ActiveCfg = RM|Win32
		{901BB37F-030D-4954-9895-4DE52673B95F}.RM|x86.Build.0 = RM|Win32
		{901BB37F-030D-4954-9895-4DE52673B95F}.RU|Any CPU.ActiveCfg = RU|Win32
		{901BB37F-030D-4954-9895-4DE52673B95F}.RU|x64.ActiveCfg = RU|x64
		{901BB37F-030D-4954-9895-4DE52673B95F}.RU|x64.Build.0 = RU|x64
		{901BB37F-030D-4954-9895-4DE52673B95F}.RU|x86.ActiveCfg = RU|Win32
		{901BB37F-030D-4954-9895-4DE52673B95F}.RU|x86.Build.0 = RU|Win32
		{A52C0BB2-3615-3401-FBE4-D4D5CAC50F9F}.Debug_M_Win32|Any CPU.ActiveCfg = Debug
		{A52C0BB2-3615-3401-FBE4-D4D5CAC50F9F}.Debug_M_Win32|Any CPU.Build.0 = Debug
		{A52C0BB2-3615-3401-FBE4-D4D5CAC50F9F}.Debug_M_Win32|x64.ActiveCfg = Debug
		{A52C0BB2-3615-3401-FBE4-D4D5CAC50F9F}.Debug_M_Win32|x64.Build.0 = Debug
		{A52C0BB2-3615-3401-FBE4-D4D5CAC50F9F}.Debug_M_Win32|x86.ActiveCfg = Debug
		{A52C0BB2-3615-3401-FBE4-D4D5CAC50F9F}.Debug_M_Win32|x86.Build.0 = Debug
		{A52C0BB2-3615-3401-FBE4-D4D5CAC50F9F}.Debug_M_x64|Any CPU.ActiveCfg = Debug
		{A52C0BB2-3615-3401-FBE4-D4D5CAC50F9F}.Debug_M_x64|Any CPU.Build.0 = Debug
		{A52C0BB2-3615-3401-FBE4-D4D5CAC50F9F}.Debug_M_x64|x64.ActiveCfg = Debug
		{A52C0BB2-3615-3401-FBE4-D4D5CAC50F9F}.Debug_M_x64|x64.Build.0 = Debug
		{A52C0BB2-3615-3401-FBE4-D4D5CAC50F9F}.Debug_M_x64|x86.ActiveCfg = Debug
		{A52C0BB2-3615-3401-FBE4-D4D5CAC50F9F}.Debug_M_x64|x86.Build.0 = Debug
		{A52C0BB2-3615-3401-FBE4-D4D5CAC50F9F}.Debug_U_Win32|Any CPU.ActiveCfg = Debug
		{A52C0BB2-3615-3401-FBE4-D4D5CAC50F9F}.Debug_U_Win32|Any CPU.Build.0 = Debug
		{A52C0BB2-3615-3401-FBE4-D4D5CAC50F9F}.Debug_U_Win32|x64.ActiveCfg = Debug
		{A52C0BB2-3615-3401-FBE4-D4D5CAC50F9F}.Debug_U_Win32|x64.Build.0 = Debug
		{A52C0BB2-3615-3401-FBE4-D4D5CAC50F9F}.Debug_U_Win32|x86.ActiveCfg = Debug
		{A52C0BB2-3615-3401-FBE4-D4D5CAC50F9F}.Debug_U_Win32|x86.Build.0 = Debug
		{A52C0BB2-3615-3401-FBE4-D4D5CAC50F9F}.Debug_U_x64|Any CPU.ActiveCfg = Debug
		{A52C0BB2-3615-3401-FBE4-D4D5CAC50F9F}.Debug_U_x64|Any CPU.Build.0 = Debug
		{A52C0BB2-3615-3401-FBE4-D4D5CAC50F9F}.Debug_U_x64|x64.ActiveCfg = Debug
		{A52C0BB2-3615-3401-FBE4-D4D5CAC50F9F}.Debug_U_x64|x64.Build.0 = Debug
		{A52C0BB2-3615-3401-FBE4-D4D5CAC50F9F}.Debug_U_x64|x86.ActiveCfg = Debug
		{A52C0BB2-3615-3401-FBE4-D4D5CAC50F9F}.Debug_U_x64|x86.Build.0 = Debug
		{A52C0BB2-3615-3401-FBE4-D4D5CAC50F9F}.Debug|Any CPU.ActiveCfg = Debug
		{A52C0BB2-3615-3401-FBE4-D4D5CAC50F9F}.Debug|Any CPU.Build.0 = Debug
		{A52C0BB2-3615-3401-FBE4-D4D5CAC50F9F}.Debug|x64.ActiveCfg = Debug
		{A52C0BB2-3615-3401-FBE4-D4D5CAC50F9F}.Debug|x64.Build.0 = Debug
		{A52C0BB2-3615-3401-FBE4-D4D5CAC50F9F}.Debug|x86.ActiveCfg = Debug
		{A52C0BB2-3615-3401-FBE4-D4D5CAC50F9F}.Debug|x86.Build.0 = Debug
		{A52C0BB2-3615-3401-FBE4-D4D5CAC50F9F}.DM|Any CPU.ActiveCfg = Release
		{A52C0BB2-3615-3401-FBE4-D4D5CAC50F9F}.DM|Any CPU.Build.0 = Release
		{A52C0BB2-3615-3401-FBE4-D4D5CAC50F9F}.DM|x64.ActiveCfg = Release
		{A52C0BB2-3615-3401-FBE4-D4D5CAC50F9F}.DM|x64.Build.0 = Release
		{A52C0BB2-3615-3401-FBE4-D4D5CAC50F9F}.DM|x86.ActiveCfg = Release
		{A52C0BB2-3615-3401-FBE4-D4D5CAC50F9F}.DM|x86.Build.0 = Release
		{A52C0BB2-3615-3401-FBE4-D4D5CAC50F9F}.DU|Any CPU.ActiveCfg = Release
		{A52C0BB2-3615-3401-FBE4-D4D5CAC50F9F}.DU|Any CPU.Build.0 = Release
		{A52C0BB2-3615-3401-FBE4-D4D5CAC50F9F}.DU|x64.ActiveCfg = Release
		{A52C0BB2-3615-3401-FBE4-D4D5CAC50F9F}.DU|x64.Build.0 = Release
		{A52C0BB2-3615-3401-FBE4-D4D5CAC50F9F}.DU|x86.ActiveCfg = Release
		{A52C0BB2-3615-3401-FBE4-D4D5CAC50F9F}.DU|x86.Build.0 = Release
		{A52C0BB2-3615-3401-FBE4-D4D5CAC50F9F}.Release_M_Win32|Any CPU.ActiveCfg = Release
		{A52C0BB2-3615-3401-FBE4-D4D5CAC50F9F}.Release_M_Win32|Any CPU.Build.0 = Release
		{A52C0BB2-3615-3401-FBE4-D4D5CAC50F9F}.Release_M_Win32|x64.ActiveCfg = Release
		{A52C0BB2-3615-3401-FBE4-D4D5CAC50F9F}.Release_M_Win32|x64.Build.0 = Release
		{A52C0BB2-3615-3401-FBE4-D4D5CAC50F9F}.Release_M_Win32|x86.ActiveCfg = Release
		{A52C0BB2-3615-3401-FBE4-D4D5CAC50F9F}.Release_M_Win32|x86.Build.0 = Release
		{A52C0BB2-3615-3401-FBE4-D4D5CAC50F9F}.Release_M_x64|Any CPU.ActiveCfg = Release
		{A52C0BB2-3615-3401-FBE4-D4D5CAC50F9F}.Release_M_x64|Any CPU.Build.0 = Release
		{A52C0BB2-3615-3401-FBE4-D4D5CAC50F9F}.Release_M_x64|x64.ActiveCfg = Release
		{A52C0BB2-3615-3401-FBE4-D4D5CAC50F9F}.Release_M_x64|x64.Build.0 = Release
		{A52C0BB2-3615-3401-FBE4-D4D5CAC50F9F}.Release_M_x64|x86.ActiveCfg = Release
		{A52C0BB2-3615-3401-FBE4-D4D5CAC50F9F}.Release_M_x64|x86.Build.0 = Release
		{A52C0BB2-3615-3401-FBE4-D4D5CAC50F9F}.Release_U_Win32|Any CPU.ActiveCfg = Release
		{A52C0BB2-3615-3401-FBE4-D4D5CAC50F9F}.Release_U_Win32|Any CPU.Build.0 = Release
		{A52C0BB2-3615-3401-FBE4-D4D5CAC50F9F}.Release_U_Win32|x64.ActiveCfg = Release
		{A52C0BB2-3615-3401-FBE4-D4D5CAC50F9F}.Release_U_Win32|x64.Build.0 = Release
		{A52C0BB2-3615-3401-FBE4-D4D5CAC50F9F}.Release_U_Win32|x86.ActiveCfg = Release
		{A52C0BB2-3615-3401-FBE4-D4D5CAC50F9F}.Release_U_Win32|x86.Build.0 = Release
		{A52C0BB2-3615-3401-FBE4-D4D5CAC50F9F}.Release_U_x64|Any CPU.ActiveCfg = Release
		{A52C0BB2-3615-3401-FBE4-D4D5CAC50F9F}.Release_U_x64|Any CPU.Build.0 = Release
		{A52C0BB2-3615-3401-FBE4-D4D5CAC50F9F}.Release_U_x64|x64.ActiveCfg = Release
		{A52C0BB2-3615-3401-FBE4-D4D5CAC50F9F}.Release_U_x64|x64.Build.0 = Release
		{A52C0BB2-3615-3401-FBE4-D4D5CAC50F9F}.Release_U_x64|x86.ActiveCfg = Release
		{A52C0BB2-3615-3401-FBE4-D4D5CAC50F9F}.Release_U_x64|x86.Build.0 = Release
		{A52C0BB2-3615-3401-FBE4-D4D5CAC50F9F}.Release|Any CPU.ActiveCfg = Release
		{A52C0BB2-3615-3401-FBE4-D4D5CAC50F9F}.Release|Any CPU.Build.0 = Release
		{A52C0BB2-3615-3401-FBE4-D4D5CAC50F9F}.Release|x64.ActiveCfg = Release
		{A52C0BB2-3615-3401-FBE4-D4D5CAC50F9F}.Release|x64.Build.0 = Release
		{A52C0BB2-3615-3401-FBE4-D4D5CAC50F9F}.Release|x86.ActiveCfg = Release
		{A52C0BB2-3615-3401-FBE4-D4D5CAC50F9F}.Release|x86.Build.0 = Release
		{A52C0BB2-3615-3401-FBE4-D4D5CAC50F9F}.RM|Any CPU.ActiveCfg = Debug
		{A52C0BB2-3615-3401-FBE4-D4D5CAC50F9F}.RM|Any CPU.Build.0 = Debug
		{A52C0BB2-3615-3401-FBE4-D4D5CAC50F9F}.RM|x64.ActiveCfg = Debug
		{A52C0BB2-3615-3401-FBE4-D4D5CAC50F9F}.RM|x64.Build.0 = Debug
		{A52C0BB2-3615-3401-FBE4-D4D5CAC50F9F}.RM|x86.ActiveCfg = Debug
		{A52C0BB2-3615-3401-FBE4-D4D5CAC50F9F}.RM|x86.Build.0 = Debug
		{A52C0BB2-3615-3401-FBE4-D4D5CAC50F9F}.RU|Any CPU.ActiveCfg = Debug
		{A52C0BB2-3615-3401-FBE4-D4D5CAC50F9F}.RU|Any CPU.Build.0 = Debug
		{A52C0BB2-3615-3401-FBE4-D4D5CAC50F9F}.RU|x64.ActiveCfg = Debug
		{A52C0BB2-3615-3401-FBE4-D4D5CAC50F9F}.RU|x64.Build.0 = Debug
		{A52C0BB2-3615-3401-FBE4-D4D5CAC50F9F}.RU|x86.ActiveCfg = Debug
		{A52C0BB2-3615-3401-FBE4-D4D5CAC50F9F}.RU|x86.Build.0 = Debug
	EndGlobalSection
	GlobalSection(SolutionProperties) = preSolution
		HideSolutionNode = FALSE
	EndGlobalSection
	GlobalSection(NestedProjects) = preSolution
		{9FBFCB0E-C977-4275-B95E-E24E4C46D697} = {4E8CC62F-6D2E-411F-9235-69C33889921A}
		{740BFC08-9959-4AF6-A427-1A16F624ECC0} = {4E8CC62F-6D2E-411F-9235-69C33889921A}
		{4E8BFD55-25B2-414E-9E27-A95E589EB6D6} = {4E8CC62F-6D2E-411F-9235-69C33889921A}
	EndGlobalSection
	GlobalSection(ExtensibilityGlobals) = postSolution
		SolutionGuid = {7311A92A-D8D3-4F30-AAB5-0943773B156B}
	EndGlobalSection
EndGlobal
